// !$*UTF8*$!
{
	archiveVersion = 1;
	classes = {
	};
	objectVersion = 54;
	objects = {

/* Begin PBXBuildFile section */
		060374979ECA22F8985B9C85 /* VIPSImage+Embed.swift in Sources */ = {isa = PBXBuildFile; fileRef = 501F100FA2D1E28C280B7F13 /* VIPSImage+Embed.swift */; };
		0AB9912A115E72515B33ACFB /* VIPSImageDrawTests.swift in Sources */ = {isa = PBXBuildFile; fileRef = 4BFF4E81D47CE60BB992BE6B /* VIPSImageDrawTests.swift */; };
		0C933C13A949B3E172ADE6B5 /* VIPSImage+Debug.swift in Sources */ = {isa = PBXBuildFile; fileRef = C5101810BE9943E221A294D3 /* VIPSImage+Debug.swift */; };
		16BCA42005CB835DAC094B74 /* VIPSImageFilterTests.swift in Sources */ = {isa = PBXBuildFile; fileRef = AF07A87C33C4967F751879D5 /* VIPSImageFilterTests.swift */; };
		229968342F41763A00878EF6 /* vips-static in Frameworks */ = {isa = PBXBuildFile; productRef = E39D32D03584C5DEAFEAFCF0 /* vips-static */; };
		229968352F41763A00878EF6 /* vips-static in Frameworks */ = {isa = PBXBuildFile; productRef = C4F6812319393DFE1864AD92 /* vips-static */; };
		30196A24BCE306C8AE11E384 /* VIPSImage+Transform.swift in Sources */ = {isa = PBXBuildFile; fileRef = 0612630244D6846E389C328A /* VIPSImage+Transform.swift */; };
		31E7AA5A12D95380CCED1E8A /* superman.jpg in Resources */ = {isa = PBXBuildFile; fileRef = F9E4512B27BBB8E0B61EDF9F /* superman.jpg */; };
		358153890C4DA47D84F97F6C /* VIPSImageSavingTests.swift in Sources */ = {isa = PBXBuildFile; fileRef = 6D9C95F46E0055A08A1AD021 /* VIPSImageSavingTests.swift */; };
		38CADD000EC2DDBA30E7CA96 /* VIPSImage+Loading.swift in Sources */ = {isa = PBXBuildFile; fileRef = C12B51C4C6064CB679E60D5A /* VIPSImage+Loading.swift */; };
		390DD1B86E529C98D7597AE6 /* VIPSImageCGImageTests.swift in Sources */ = {isa = PBXBuildFile; fileRef = ADFEFD4561CA42A3DFF4861F /* VIPSImageCGImageTests.swift */; };
		3F7EDCECCB6C1F4287986F68 /* VIPSImageLoadingTests.swift in Sources */ = {isa = PBXBuildFile; fileRef = 642DF89816C4EE2FF2131050 /* VIPSImageLoadingTests.swift */; };
		4370C5711D5790F020B09554 /* VIPSImage+Resize.swift in Sources */ = {isa = PBXBuildFile; fileRef = E9D58CC175FF84949F91277C /* VIPSImage+Resize.swift */; };
		4636A2DBE902258A269BDB13 /* VIPSImageEmbedTests.swift in Sources */ = {isa = PBXBuildFile; fileRef = 8C2ACC150036E1851F9D5BA4 /* VIPSImageEmbedTests.swift */; };
		493EF93D81F0C87471475A65 /* VIPSImageAnalysisTests.swift in Sources */ = {isa = PBXBuildFile; fileRef = B67D3F26697E09BC6850351D /* VIPSImageAnalysisTests.swift */; };
		49D10C82F80E13812537C954 /* VIPSCompassDirection.swift in Sources */ = {isa = PBXBuildFile; fileRef = 2C110A8BB53CF29137AE3D8A /* VIPSCompassDirection.swift */; };
		4B30E788A6F45858D0316D27 /* VIPSInteresting.swift in Sources */ = {isa = PBXBuildFile; fileRef = 6DBE90DF15F47D1F92EE2310 /* VIPSInteresting.swift */; };
		56DAD734E6659BA2C0B17BA2 /* CVIPS.h in Headers */ = {isa = PBXBuildFile; fileRef = 9D9B6AA57279EC92F2EF6820 /* CVIPS.h */; settings = {ATTRIBUTES = (Project, ); }; };
		575C2A36310BC2DF73D7F9F5 /* VIPSImageResizeTests.swift in Sources */ = {isa = PBXBuildFile; fileRef = 1FD90AEAFCED84AAC720C2A1 /* VIPSImageResizeTests.swift */; };
		5A74AE22ED2346332E66AFF7 /* VIPSImageFormat.swift in Sources */ = {isa = PBXBuildFile; fileRef = A0CC480D15E0FE832B63A963 /* VIPSImageFormat.swift */; };
		5AAC080A8A501187C4F1D7E3 /* Foundation.framework in Frameworks */ = {isa = PBXBuildFile; fileRef = 9FE4B71ADF0A32708E45ABE4 /* Foundation.framework */; };
		5D0AB3F5BEC542F02603FC14 /* VIPSImage+Histogram.swift in Sources */ = {isa = PBXBuildFile; fileRef = BCAC76725CCDFF6E33CB1F6D /* VIPSImage+Histogram.swift */; };
		5D786AA8D8C1ECF1A759D34D /* VIPSImageColorTests.swift in Sources */ = {isa = PBXBuildFile; fileRef = 03DF943BF87551B8D52EBA7F /* VIPSImageColorTests.swift */; };
		5E1892E152C2AFF8092FB94A /* VIPSImageBandTests.swift in Sources */ = {isa = PBXBuildFile; fileRef = 296957F79E5AB361BDD64252 /* VIPSImageBandTests.swift */; };
		601DF4EEE1CAC31E963FBC73 /* Foundation.framework in Frameworks */ = {isa = PBXBuildFile; fileRef = 9FE4B71ADF0A32708E45ABE4 /* Foundation.framework */; };
		655148DA1A533ED58AB76409 /* VIPSColor.swift in Sources */ = {isa = PBXBuildFile; fileRef = 1F3680AA5C399F3B6B342BE0 /* VIPSColor.swift */; };
		6B0625B3D872054EA6E386C7 /* VIPSResizeKernel.swift in Sources */ = {isa = PBXBuildFile; fileRef = 1D90E18C329BB623A18CA805 /* VIPSResizeKernel.swift */; };
		6B80671FE2CAA0E19493AA98 /* VIPSExtendMode.swift in Sources */ = {isa = PBXBuildFile; fileRef = 4C1413310C77F5A757FB17AC /* VIPSExtendMode.swift */; };
		6C60B65FA59B0C41714D3C55 /* VIPSImage+Composite.swift in Sources */ = {isa = PBXBuildFile; fileRef = 14AEEDC8540DCB49C423671A /* VIPSImage+Composite.swift */; };
		79DE12D4B505FFCA09758E13 /* CVIPS.c in Sources */ = {isa = PBXBuildFile; fileRef = EC122F601CDB68168AD7192A /* CVIPS.c */; };
		7A4972CA985B5E01E137C887 /* VIPSKit.framework in Embed Frameworks */ = {isa = PBXBuildFile; fileRef = A2FB2865ADF4C0CD2A205948 /* VIPSKit.framework */; settings = {ATTRIBUTES = (CodeSignOnCopy, RemoveHeadersOnCopy, ); }; };
		7BBC0F8D11B311D205287D3E /* VIPSKit.framework in Frameworks */ = {isa = PBXBuildFile; fileRef = A2FB2865ADF4C0CD2A205948 /* VIPSKit.framework */; };
		7D6C43BEC4F3E1578041262F /* VIPSImage+CGImage.swift in Sources */ = {isa = PBXBuildFile; fileRef = BBCF4A0DDBE864350F39FE73 /* VIPSImage+CGImage.swift */; };
		7DA21011F0531AD68A6EEAFF /* VIPSImage+Draw.swift in Sources */ = {isa = PBXBuildFile; fileRef = D5F0557AA0DE4CD630367C3E /* VIPSImage+Draw.swift */; };
		8923C2FF31E0F5E8E2403192 /* LaunchScreen.storyboard in Resources */ = {isa = PBXBuildFile; fileRef = 24AE66B01379F7C96082473A /* LaunchScreen.storyboard */; };
		8BD3CADCB3FAD6C0576BB3EB /* VIPSErrorTests.swift in Sources */ = {isa = PBXBuildFile; fileRef = CF8487A739699D1DBCCFDE5B /* VIPSErrorTests.swift */; };
		8C0DBCBD7C8416EE5F6676CA /* VIPSImageTransformTests.swift in Sources */ = {isa = PBXBuildFile; fileRef = 4186AC137DD9938DB241D430 /* VIPSImageTransformTests.swift */; };
		90205520A76D87A5E35150A0 /* AppDelegate.m in Sources */ = {isa = PBXBuildFile; fileRef = 1DA169FF246679677317B06F /* AppDelegate.m */; };
		910A449300B9CC82A7C0900B /* VIPSImage+Metadata.swift in Sources */ = {isa = PBXBuildFile; fileRef = F7B418B4CA7B832ED2E499AF /* VIPSImage+Metadata.swift */; };
		9A9710DAC1F2E86ABCD824CC /* VIPSColorTests.swift in Sources */ = {isa = PBXBuildFile; fileRef = F94ECEDBC9DD178E14551B10 /* VIPSColorTests.swift */; };
		9B980C27F6EEEE3D0139C4AD /* VIPSImagePixelTests.swift in Sources */ = {isa = PBXBuildFile; fileRef = 0F843E858046E5946DA25F54 /* VIPSImagePixelTests.swift */; };
		9E228846450E19265680FE09 /* VIPSImageHistogramTests.swift in Sources */ = {isa = PBXBuildFile; fileRef = 056ECC8395F9C64556555162 /* VIPSImageHistogramTests.swift */; };
		AA16C325612C9C17CC969B1A /* VIPSImageFormatTests.swift in Sources */ = {isa = PBXBuildFile; fileRef = FBB00604D401B62254D92135 /* VIPSImageFormatTests.swift */; };
		AF187B62BFB67DB4A1C76FAD /* VIPSImageCoreTests.swift in Sources */ = {isa = PBXBuildFile; fileRef = 26B2F20727A0DC589BDA0D7F /* VIPSImageCoreTests.swift */; };
		B2E8B19295B3C6FCF01F1A40 /* VIPSError.swift in Sources */ = {isa = PBXBuildFile; fileRef = 302473759AF85026D2880433 /* VIPSError.swift */; };
		B356D02453D1B88D0814F624 /* VIPSBlendMode.swift in Sources */ = {isa = PBXBuildFile; fileRef = 5502A7F14CC62481F00ED5FB /* VIPSBlendMode.swift */; };
		B68BEE05BEE7F64CC91EF9F8 /* VIPSImageTestCase.swift in Sources */ = {isa = PBXBuildFile; fileRef = E02ABED079C492D96617A27F /* VIPSImageTestCase.swift */; };
		B72F308DFDE3C9768BD6D95F /* Foundation.framework in Frameworks */ = {isa = PBXBuildFile; fileRef = 9FE4B71ADF0A32708E45ABE4 /* Foundation.framework */; };
		C1CD98157AE327EAF6F960A2 /* VIPSImage+Filter.swift in Sources */ = {isa = PBXBuildFile; fileRef = 30A4161C60B7D9404D6E16C2 /* VIPSImage+Filter.swift */; };
		C2C5E7A6F4EE627F936595F2 /* VIPSKit.framework in Frameworks */ = {isa = PBXBuildFile; fileRef = A2FB2865ADF4C0CD2A205948 /* VIPSKit.framework */; };
		CDF58D5F52364156B1E2FD84 /* VIPSImageStatistics.swift in Sources */ = {isa = PBXBuildFile; fileRef = A0250ECA2787CB5D864E8D8A /* VIPSImageStatistics.swift */; };
		D01337824F592D45E8556253 /* VIPSImage+Rotate.swift in Sources */ = {isa = PBXBuildFile; fileRef = 3B858E6E9C08F08FD79518F9 /* VIPSImage+Rotate.swift */; };
		D16CE0C2B43D45D2A51BEF25 /* VIPSImage+Pixel.swift in Sources */ = {isa = PBXBuildFile; fileRef = A43C5EC8823867ED1A4AA1AC /* VIPSImage+Pixel.swift */; };
		D2BCB1E3D3F491001FB84106 /* VIPSImageCompositeTests.swift in Sources */ = {isa = PBXBuildFile; fileRef = 42C18D98168DDD854977065D /* VIPSImageCompositeTests.swift */; };
		D64951C3C4D862E7F0C33A7C /* VIPSImageTilingTests.swift in Sources */ = {isa = PBXBuildFile; fileRef = 37C2F775C2BF17A0EDB54CC7 /* VIPSImageTilingTests.swift */; };
		D9E9FB2C5D060890961FF3C1 /* VIPSImage.swift in Sources */ = {isa = PBXBuildFile; fileRef = B98BED5E481865C87F31D771 /* VIPSImage.swift */; };
		E2C1C67641E35735E6D4CD40 /* VIPSImage+Color.swift in Sources */ = {isa = PBXBuildFile; fileRef = A0F98A8BEB785AED91EF7C01 /* VIPSImage+Color.swift */; };
		E45309A9CB3B8C79AAAD67E4 /* VIPSImage+Band.swift in Sources */ = {isa = PBXBuildFile; fileRef = 1AB32759DAAEEA4024CCEA5C /* VIPSImage+Band.swift */; };
		E6DF25E86AAF1739A0C4D9F7 /* VIPSImage+Analysis.swift in Sources */ = {isa = PBXBuildFile; fileRef = C57BBDFA43C6C51A5FB2557C /* VIPSImage+Analysis.swift */; };
		E7A85502885CA56B1F2F72C0 /* main.m in Sources */ = {isa = PBXBuildFile; fileRef = 894177EAC8EEC474A7D6F697 /* main.m */; };
		EA1C950133B7A76E704F033C /* VIPSImageMetadataTests.swift in Sources */ = {isa = PBXBuildFile; fileRef = 529C5F20E1B513D335F631DE /* VIPSImageMetadataTests.swift */; };
		EF809BD5F382E9E7BE6EB2A7 /* VIPSImage+Tiling.swift in Sources */ = {isa = PBXBuildFile; fileRef = A88DCD27274D824EDAE5D07E /* VIPSImage+Tiling.swift */; };
		F06DA3B13852C1EC6CDA3ADB /* VIPSImageRotateTests.swift in Sources */ = {isa = PBXBuildFile; fileRef = C7E6376D0F99328C635D564A /* VIPSImageRotateTests.swift */; };
		FA81A2F14836E5D71AB67E4A /* VIPSImage+Saving.swift in Sources */ = {isa = PBXBuildFile; fileRef = 5F63ABF4B87CE179AB1506E7 /* VIPSImage+Saving.swift */; };
/* End PBXBuildFile section */

/* Begin PBXContainerItemProxy section */
		629DCD62BA4B96AD6601BBE3 /* PBXContainerItemProxy */ = {
			isa = PBXContainerItemProxy;
			containerPortal = 686D22BACAFAEB2788217D40 /* Project object */;
			proxyType = 1;
			remoteGlobalIDString = 63F678F1C32CEE6A6BE8FAFA;
			remoteInfo = VIPSKit;
		};
		FF9FD132E9B01C27FB811630 /* PBXContainerItemProxy */ = {
			isa = PBXContainerItemProxy;
			containerPortal = 686D22BACAFAEB2788217D40 /* Project object */;
			proxyType = 1;
			remoteGlobalIDString = 0416AA466855E68F603EC6BA;
			remoteInfo = VIPSTestHost;
		};
/* End PBXContainerItemProxy section */

/* Begin PBXCopyFilesBuildPhase section */
		78C73485361CEC0C210A462F /* Embed Frameworks */ = {
			isa = PBXCopyFilesBuildPhase;
			buildActionMask = 2147483647;
			dstPath = "";
			dstSubfolderSpec = 10;
			files = (
				7A4972CA985B5E01E137C887 /* VIPSKit.framework in Embed Frameworks */,
			);
			name = "Embed Frameworks";
			runOnlyForDeploymentPostprocessing = 0;
		};
/* End PBXCopyFilesBuildPhase section */

/* Begin PBXFileReference section */
		00FD3C1DB46CF1C34282CEF7 /* tiny.png */ = {isa = PBXFileReference; includeInIndex = 1; lastKnownFileType = image.png; path = tiny.png; sourceTree = "<group>"; };
		03DF943BF87551B8D52EBA7F /* VIPSImageColorTests.swift */ = {isa = PBXFileReference; includeInIndex = 1; lastKnownFileType = sourcecode.swift; path = VIPSImageColorTests.swift; sourceTree = "<group>"; };
		056ECC8395F9C64556555162 /* VIPSImageHistogramTests.swift */ = {isa = PBXFileReference; includeInIndex = 1; lastKnownFileType = sourcecode.swift; path = VIPSImageHistogramTests.swift; sourceTree = "<group>"; };
		0612630244D6846E389C328A /* VIPSImage+Transform.swift */ = {isa = PBXFileReference; includeInIndex = 1; lastKnownFileType = sourcecode.swift; path = "VIPSImage+Transform.swift"; sourceTree = "<group>"; };
		0EBBADF7309408E8E7BCD86D /* test-rgb.png */ = {isa = PBXFileReference; includeInIndex = 1; lastKnownFileType = image.png; path = "test-rgb.png"; sourceTree = "<group>"; };
		0F843E858046E5946DA25F54 /* VIPSImagePixelTests.swift */ = {isa = PBXFileReference; includeInIndex = 1; lastKnownFileType = sourcecode.swift; path = VIPSImagePixelTests.swift; sourceTree = "<group>"; };
		14AEEDC8540DCB49C423671A /* VIPSImage+Composite.swift */ = {isa = PBXFileReference; includeInIndex = 1; lastKnownFileType = sourcecode.swift; path = "VIPSImage+Composite.swift"; sourceTree = "<group>"; };
		1AB32759DAAEEA4024CCEA5C /* VIPSImage+Band.swift */ = {isa = PBXFileReference; includeInIndex = 1; lastKnownFileType = sourcecode.swift; path = "VIPSImage+Band.swift"; sourceTree = "<group>"; };
		1D90E18C329BB623A18CA805 /* VIPSResizeKernel.swift */ = {isa = PBXFileReference; includeInIndex = 1; lastKnownFileType = sourcecode.swift; path = VIPSResizeKernel.swift; sourceTree = "<group>"; };
		1DA169FF246679677317B06F /* AppDelegate.m */ = {isa = PBXFileReference; includeInIndex = 1; lastKnownFileType = sourcecode.c.objc; path = AppDelegate.m; sourceTree = "<group>"; };
		1F3680AA5C399F3B6B342BE0 /* VIPSColor.swift */ = {isa = PBXFileReference; includeInIndex = 1; lastKnownFileType = sourcecode.swift; path = VIPSColor.swift; sourceTree = "<group>"; };
		1FD90AEAFCED84AAC720C2A1 /* VIPSImageResizeTests.swift */ = {isa = PBXFileReference; includeInIndex = 1; lastKnownFileType = sourcecode.swift; path = VIPSImageResizeTests.swift; sourceTree = "<group>"; };
		24AE66B01379F7C96082473A /* LaunchScreen.storyboard */ = {isa = PBXFileReference; includeInIndex = 1; lastKnownFileType = file.storyboard; path = LaunchScreen.storyboard; sourceTree = "<group>"; };
		26B2F20727A0DC589BDA0D7F /* VIPSImageCoreTests.swift */ = {isa = PBXFileReference; includeInIndex = 1; lastKnownFileType = sourcecode.swift; path = VIPSImageCoreTests.swift; sourceTree = "<group>"; };
		27CFF149DD5AAABDCAB55F8A /* grayscale.jpg */ = {isa = PBXFileReference; includeInIndex = 1; lastKnownFileType = image.jpeg; path = grayscale.jpg; sourceTree = "<group>"; };
		296957F79E5AB361BDD64252 /* VIPSImageBandTests.swift */ = {isa = PBXFileReference; includeInIndex = 1; lastKnownFileType = sourcecode.swift; path = VIPSImageBandTests.swift; sourceTree = "<group>"; };
		2C110A8BB53CF29137AE3D8A /* VIPSCompassDirection.swift */ = {isa = PBXFileReference; includeInIndex = 1; lastKnownFileType = sourcecode.swift; path = VIPSCompassDirection.swift; sourceTree = "<group>"; };
		302473759AF85026D2880433 /* VIPSError.swift */ = {isa = PBXFileReference; includeInIndex = 1; lastKnownFileType = sourcecode.swift; path = VIPSError.swift; sourceTree = "<group>"; };
		30A4161C60B7D9404D6E16C2 /* VIPSImage+Filter.swift */ = {isa = PBXFileReference; includeInIndex = 1; lastKnownFileType = sourcecode.swift; path = "VIPSImage+Filter.swift"; sourceTree = "<group>"; };
		34A923CCB8B7F34D38116ADA /* test-rgba.png */ = {isa = PBXFileReference; includeInIndex = 1; lastKnownFileType = image.png; path = "test-rgba.png"; sourceTree = "<group>"; };
		37C2F775C2BF17A0EDB54CC7 /* VIPSImageTilingTests.swift */ = {isa = PBXFileReference; includeInIndex = 1; lastKnownFileType = sourcecode.swift; path = VIPSImageTilingTests.swift; sourceTree = "<group>"; };
		3B858E6E9C08F08FD79518F9 /* VIPSImage+Rotate.swift */ = {isa = PBXFileReference; includeInIndex = 1; lastKnownFileType = sourcecode.swift; path = "VIPSImage+Rotate.swift"; sourceTree = "<group>"; };
		3BCDE854DD61DEEDBE005A7E /* Info.plist */ = {isa = PBXFileReference; includeInIndex = 1; lastKnownFileType = text.plist.xml; path = Info.plist; sourceTree = "<group>"; };
		4186AC137DD9938DB241D430 /* VIPSImageTransformTests.swift */ = {isa = PBXFileReference; includeInIndex = 1; lastKnownFileType = sourcecode.swift; path = VIPSImageTransformTests.swift; sourceTree = "<group>"; };
		42C18D98168DDD854977065D /* VIPSImageCompositeTests.swift */ = {isa = PBXFileReference; includeInIndex = 1; lastKnownFileType = sourcecode.swift; path = VIPSImageCompositeTests.swift; sourceTree = "<group>"; };
		434D5797A6C81B63E76A1E5C /* VIPSTestHost.app */ = {isa = PBXFileReference; explicitFileType = wrapper.application; includeInIndex = 0; path = VIPSTestHost.app; sourceTree = BUILT_PRODUCTS_DIR; };
		4BFF4E81D47CE60BB992BE6B /* VIPSImageDrawTests.swift */ = {isa = PBXFileReference; includeInIndex = 1; lastKnownFileType = sourcecode.swift; path = VIPSImageDrawTests.swift; sourceTree = "<group>"; };
		4C1413310C77F5A757FB17AC /* VIPSExtendMode.swift */ = {isa = PBXFileReference; includeInIndex = 1; lastKnownFileType = sourcecode.swift; path = VIPSExtendMode.swift; sourceTree = "<group>"; };
		501F100FA2D1E28C280B7F13 /* VIPSImage+Embed.swift */ = {isa = PBXFileReference; includeInIndex = 1; lastKnownFileType = sourcecode.swift; path = "VIPSImage+Embed.swift"; sourceTree = "<group>"; };
		529C5F20E1B513D335F631DE /* VIPSImageMetadataTests.swift */ = {isa = PBXFileReference; includeInIndex = 1; lastKnownFileType = sourcecode.swift; path = VIPSImageMetadataTests.swift; sourceTree = "<group>"; };
		5502A7F14CC62481F00ED5FB /* VIPSBlendMode.swift */ = {isa = PBXFileReference; includeInIndex = 1; lastKnownFileType = sourcecode.swift; path = VIPSBlendMode.swift; sourceTree = "<group>"; };
		5F63ABF4B87CE179AB1506E7 /* VIPSImage+Saving.swift */ = {isa = PBXFileReference; includeInIndex = 1; lastKnownFileType = sourcecode.swift; path = "VIPSImage+Saving.swift"; sourceTree = "<group>"; };
		5F9330A827D565CFF7743B9E /* AppDelegate.h */ = {isa = PBXFileReference; includeInIndex = 1; lastKnownFileType = sourcecode.c.h; path = AppDelegate.h; sourceTree = "<group>"; };
		642DF89816C4EE2FF2131050 /* VIPSImageLoadingTests.swift */ = {isa = PBXFileReference; includeInIndex = 1; lastKnownFileType = sourcecode.swift; path = VIPSImageLoadingTests.swift; sourceTree = "<group>"; };
		6D9C95F46E0055A08A1AD021 /* VIPSImageSavingTests.swift */ = {isa = PBXFileReference; includeInIndex = 1; lastKnownFileType = sourcecode.swift; path = VIPSImageSavingTests.swift; sourceTree = "<group>"; };
		6DBE90DF15F47D1F92EE2310 /* VIPSInteresting.swift */ = {isa = PBXFileReference; includeInIndex = 1; lastKnownFileType = sourcecode.swift; path = VIPSInteresting.swift; sourceTree = "<group>"; };
		7BBB000E138D79F480366ED5 /* test.jpg */ = {isa = PBXFileReference; includeInIndex = 1; lastKnownFileType = image.jpeg; path = test.jpg; sourceTree = "<group>"; };
		894177EAC8EEC474A7D6F697 /* main.m */ = {isa = PBXFileReference; includeInIndex = 1; lastKnownFileType = sourcecode.c.objc; path = main.m; sourceTree = "<group>"; };
		8C2ACC150036E1851F9D5BA4 /* VIPSImageEmbedTests.swift */ = {isa = PBXFileReference; includeInIndex = 1; lastKnownFileType = sourcecode.swift; path = VIPSImageEmbedTests.swift; sourceTree = "<group>"; };
		9622304CA38C5829A2AA6E24 /* test.webp */ = {isa = PBXFileReference; includeInIndex = 1; lastKnownFileType = file; path = test.webp; sourceTree = "<group>"; };
		9B566218CE42B6F61A38A263 /* rotated-3.jpg */ = {isa = PBXFileReference; includeInIndex = 1; lastKnownFileType = image.jpeg; path = "rotated-3.jpg"; sourceTree = "<group>"; };
		9D9B6AA57279EC92F2EF6820 /* CVIPS.h */ = {isa = PBXFileReference; includeInIndex = 1; lastKnownFileType = sourcecode.c.h; path = CVIPS.h; sourceTree = "<group>"; };
		9FE4B71ADF0A32708E45ABE4 /* Foundation.framework */ = {isa = PBXFileReference; lastKnownFileType = wrapper.framework; name = Foundation.framework; path = Platforms/iPhoneOS.platform/Developer/SDKs/iPhoneOS18.0.sdk/System/Library/Frameworks/Foundation.framework; sourceTree = DEVELOPER_DIR; };
		A0250ECA2787CB5D864E8D8A /* VIPSImageStatistics.swift */ = {isa = PBXFileReference; includeInIndex = 1; lastKnownFileType = sourcecode.swift; path = VIPSImageStatistics.swift; sourceTree = "<group>"; };
		A0CC480D15E0FE832B63A963 /* VIPSImageFormat.swift */ = {isa = PBXFileReference; includeInIndex = 1; lastKnownFileType = sourcecode.swift; path = VIPSImageFormat.swift; sourceTree = "<group>"; };
		A0F98A8BEB785AED91EF7C01 /* VIPSImage+Color.swift */ = {isa = PBXFileReference; includeInIndex = 1; lastKnownFileType = sourcecode.swift; path = "VIPSImage+Color.swift"; sourceTree = "<group>"; };
		A2FB2865ADF4C0CD2A205948 /* VIPSKit.framework */ = {isa = PBXFileReference; explicitFileType = wrapper.framework; includeInIndex = 0; path = VIPSKit.framework; sourceTree = BUILT_PRODUCTS_DIR; };
		A43C5EC8823867ED1A4AA1AC /* VIPSImage+Pixel.swift */ = {isa = PBXFileReference; includeInIndex = 1; lastKnownFileType = sourcecode.swift; path = "VIPSImage+Pixel.swift"; sourceTree = "<group>"; };
		A88DCD27274D824EDAE5D07E /* VIPSImage+Tiling.swift */ = {isa = PBXFileReference; includeInIndex = 1; lastKnownFileType = sourcecode.swift; path = "VIPSImage+Tiling.swift"; sourceTree = "<group>"; };
		ADFEFD4561CA42A3DFF4861F /* VIPSImageCGImageTests.swift */ = {isa = PBXFileReference; includeInIndex = 1; lastKnownFileType = sourcecode.swift; path = VIPSImageCGImageTests.swift; sourceTree = "<group>"; };
		AF07A87C33C4967F751879D5 /* VIPSImageFilterTests.swift */ = {isa = PBXFileReference; includeInIndex = 1; lastKnownFileType = sourcecode.swift; path = VIPSImageFilterTests.swift; sourceTree = "<group>"; };
		B1E597E675021D3B94D1E78C /* test.tiff */ = {isa = PBXFileReference; includeInIndex = 1; lastKnownFileType = image.tiff; path = test.tiff; sourceTree = "<group>"; };
		B67D3F26697E09BC6850351D /* VIPSImageAnalysisTests.swift */ = {isa = PBXFileReference; includeInIndex = 1; lastKnownFileType = sourcecode.swift; path = VIPSImageAnalysisTests.swift; sourceTree = "<group>"; };
		B98BED5E481865C87F31D771 /* VIPSImage.swift */ = {isa = PBXFileReference; includeInIndex = 1; lastKnownFileType = sourcecode.swift; path = VIPSImage.swift; sourceTree = "<group>"; };
		BBCF4A0DDBE864350F39FE73 /* VIPSImage+CGImage.swift */ = {isa = PBXFileReference; includeInIndex = 1; lastKnownFileType = sourcecode.swift; path = "VIPSImage+CGImage.swift"; sourceTree = "<group>"; };
		BCAC76725CCDFF6E33CB1F6D /* VIPSImage+Histogram.swift */ = {isa = PBXFileReference; includeInIndex = 1; lastKnownFileType = sourcecode.swift; path = "VIPSImage+Histogram.swift"; sourceTree = "<group>"; };
		C12B51C4C6064CB679E60D5A /* VIPSImage+Loading.swift */ = {isa = PBXFileReference; includeInIndex = 1; lastKnownFileType = sourcecode.swift; path = "VIPSImage+Loading.swift"; sourceTree = "<group>"; };
		C5101810BE9943E221A294D3 /* VIPSImage+Debug.swift */ = {isa = PBXFileReference; includeInIndex = 1; lastKnownFileType = sourcecode.swift; path = "VIPSImage+Debug.swift"; sourceTree = "<group>"; };
		C57BBDFA43C6C51A5FB2557C /* VIPSImage+Analysis.swift */ = {isa = PBXFileReference; includeInIndex = 1; lastKnownFileType = sourcecode.swift; path = "VIPSImage+Analysis.swift"; sourceTree = "<group>"; };
		C62B7E9FEA45DAA5B2C9BD55 /* VIPSKitTests.xctest */ = {isa = PBXFileReference; explicitFileType = wrapper.cfbundle; includeInIndex = 0; path = VIPSKitTests.xctest; sourceTree = BUILT_PRODUCTS_DIR; };
		C7E6376D0F99328C635D564A /* VIPSImageRotateTests.swift */ = {isa = PBXFileReference; includeInIndex = 1; lastKnownFileType = sourcecode.swift; path = VIPSImageRotateTests.swift; sourceTree = "<group>"; };
		CF8487A739699D1DBCCFDE5B /* VIPSErrorTests.swift */ = {isa = PBXFileReference; includeInIndex = 1; lastKnownFileType = sourcecode.swift; path = VIPSErrorTests.swift; sourceTree = "<group>"; };
		D5F0557AA0DE4CD630367C3E /* VIPSImage+Draw.swift */ = {isa = PBXFileReference; includeInIndex = 1; lastKnownFileType = sourcecode.swift; path = "VIPSImage+Draw.swift"; sourceTree = "<group>"; };
		E02ABED079C492D96617A27F /* VIPSImageTestCase.swift */ = {isa = PBXFileReference; includeInIndex = 1; lastKnownFileType = sourcecode.swift; path = VIPSImageTestCase.swift; sourceTree = "<group>"; };
		E9D58CC175FF84949F91277C /* VIPSImage+Resize.swift */ = {isa = PBXFileReference; includeInIndex = 1; lastKnownFileType = sourcecode.swift; path = "VIPSImage+Resize.swift"; sourceTree = "<group>"; };
		EC122F601CDB68168AD7192A /* CVIPS.c */ = {isa = PBXFileReference; includeInIndex = 1; lastKnownFileType = sourcecode.c.c; path = CVIPS.c; sourceTree = "<group>"; };
		F7B418B4CA7B832ED2E499AF /* VIPSImage+Metadata.swift */ = {isa = PBXFileReference; includeInIndex = 1; lastKnownFileType = sourcecode.swift; path = "VIPSImage+Metadata.swift"; sourceTree = "<group>"; };
		F94ECEDBC9DD178E14551B10 /* VIPSColorTests.swift */ = {isa = PBXFileReference; includeInIndex = 1; lastKnownFileType = sourcecode.swift; path = VIPSColorTests.swift; sourceTree = "<group>"; };
		F9E4512B27BBB8E0B61EDF9F /* superman.jpg */ = {isa = PBXFileReference; includeInIndex = 1; lastKnownFileType = image.jpeg; path = superman.jpg; sourceTree = "<group>"; };
		FA066001E07A50A87AA816D6 /* rotated-6.jpg */ = {isa = PBXFileReference; includeInIndex = 1; lastKnownFileType = image.jpeg; path = "rotated-6.jpg"; sourceTree = "<group>"; };
		FBB00604D401B62254D92135 /* VIPSImageFormatTests.swift */ = {isa = PBXFileReference; includeInIndex = 1; lastKnownFileType = sourcecode.swift; path = VIPSImageFormatTests.swift; sourceTree = "<group>"; };
		FE43A2DFEB313D36A6AF21DB /* module.modulemap */ = {isa = PBXFileReference; includeInIndex = 1; lastKnownFileType = sourcecode.module; path = module.modulemap; sourceTree = "<group>"; };
		FEFFE6B394FCE03FA29D1E4E /* test.gif */ = {isa = PBXFileReference; includeInIndex = 1; lastKnownFileType = image.gif; path = test.gif; sourceTree = "<group>"; };
/* End PBXFileReference section */

/* Begin PBXFrameworksBuildPhase section */
		20C7E9A301741B5EE6875EB1 /* Frameworks */ = {
			isa = PBXFrameworksBuildPhase;
			buildActionMask = 2147483647;
			files = (
				229968342F41763A00878EF6 /* vips-static in Frameworks */,
				5AAC080A8A501187C4F1D7E3 /* Foundation.framework in Frameworks */,
			);
			runOnlyForDeploymentPostprocessing = 0;
		};
		91E05D35237ABFB2BE0BD1F1 /* Frameworks */ = {
			isa = PBXFrameworksBuildPhase;
			buildActionMask = 2147483647;
			files = (
				229968352F41763A00878EF6 /* vips-static in Frameworks */,
				B72F308DFDE3C9768BD6D95F /* Foundation.framework in Frameworks */,
				7BBC0F8D11B311D205287D3E /* VIPSKit.framework in Frameworks */,
			);
			runOnlyForDeploymentPostprocessing = 0;
		};
		D308FB622CBB6C2D3076063E /* Frameworks */ = {
			isa = PBXFrameworksBuildPhase;
			buildActionMask = 2147483647;
			files = (
				601DF4EEE1CAC31E963FBC73 /* Foundation.framework in Frameworks */,
				C2C5E7A6F4EE627F936595F2 /* VIPSKit.framework in Frameworks */,
			);
			runOnlyForDeploymentPostprocessing = 0;
		};
/* End PBXFrameworksBuildPhase section */

/* Begin PBXGroup section */
		0EEBDBF02460A8B4840EEDED /* Products */ = {
			isa = PBXGroup;
			children = (
				A2FB2865ADF4C0CD2A205948 /* VIPSKit.framework */,
				434D5797A6C81B63E76A1E5C /* VIPSTestHost.app */,
				C62B7E9FEA45DAA5B2C9BD55 /* VIPSKitTests.xctest */,
			);
			name = Products;
			sourceTree = "<group>";
		};
		173AA9D81BE9D73A78EB73E3 = {
			isa = PBXGroup;
			children = (
				0EEBDBF02460A8B4840EEDED /* Products */,
				3801BC3BC50035EAAE337C16 /* Frameworks */,
				C0A6C4E4B4237DABB683C7C5 /* Sources */,
				71E496CD1D1F72E005D7115B /* Tests */,
			);
			sourceTree = "<group>";
		};
		3801BC3BC50035EAAE337C16 /* Frameworks */ = {
			isa = PBXGroup;
			children = (
				49BAF6D19DD08D94D404B98F /* iOS */,
			);
			name = Frameworks;
			sourceTree = "<group>";
		};
		49BAF6D19DD08D94D404B98F /* iOS */ = {
			isa = PBXGroup;
			children = (
				9FE4B71ADF0A32708E45ABE4 /* Foundation.framework */,
			);
			name = iOS;
			sourceTree = "<group>";
		};
		71E496CD1D1F72E005D7115B /* Tests */ = {
			isa = PBXGroup;
			children = (
				F0C3CD9B1574430DE64EFEB2 /* TestHost */,
				F94ECEDBC9DD178E14551B10 /* VIPSColorTests.swift */,
				CF8487A739699D1DBCCFDE5B /* VIPSErrorTests.swift */,
				B67D3F26697E09BC6850351D /* VIPSImageAnalysisTests.swift */,
				296957F79E5AB361BDD64252 /* VIPSImageBandTests.swift */,
				ADFEFD4561CA42A3DFF4861F /* VIPSImageCGImageTests.swift */,
				03DF943BF87551B8D52EBA7F /* VIPSImageColorTests.swift */,
				42C18D98168DDD854977065D /* VIPSImageCompositeTests.swift */,
				26B2F20727A0DC589BDA0D7F /* VIPSImageCoreTests.swift */,
				4BFF4E81D47CE60BB992BE6B /* VIPSImageDrawTests.swift */,
				8C2ACC150036E1851F9D5BA4 /* VIPSImageEmbedTests.swift */,
				AF07A87C33C4967F751879D5 /* VIPSImageFilterTests.swift */,
				FBB00604D401B62254D92135 /* VIPSImageFormatTests.swift */,
				056ECC8395F9C64556555162 /* VIPSImageHistogramTests.swift */,
				642DF89816C4EE2FF2131050 /* VIPSImageLoadingTests.swift */,
				529C5F20E1B513D335F631DE /* VIPSImageMetadataTests.swift */,
				0F843E858046E5946DA25F54 /* VIPSImagePixelTests.swift */,
				1FD90AEAFCED84AAC720C2A1 /* VIPSImageResizeTests.swift */,
				C7E6376D0F99328C635D564A /* VIPSImageRotateTests.swift */,
				6D9C95F46E0055A08A1AD021 /* VIPSImageSavingTests.swift */,
				E02ABED079C492D96617A27F /* VIPSImageTestCase.swift */,
				37C2F775C2BF17A0EDB54CC7 /* VIPSImageTilingTests.swift */,
				4186AC137DD9938DB241D430 /* VIPSImageTransformTests.swift */,
				FA799C891E72F87E261AC5CA /* TestResources */,
			);
			path = Tests;
			sourceTree = "<group>";
		};
		C0A6C4E4B4237DABB683C7C5 /* Sources */ = {
			isa = PBXGroup;
			children = (
				D9DF4B733F3FA8DDD2FCB85A /* Internal */,
				5502A7F14CC62481F00ED5FB /* VIPSBlendMode.swift */,
				1F3680AA5C399F3B6B342BE0 /* VIPSColor.swift */,
				2C110A8BB53CF29137AE3D8A /* VIPSCompassDirection.swift */,
				302473759AF85026D2880433 /* VIPSError.swift */,
				4C1413310C77F5A757FB17AC /* VIPSExtendMode.swift */,
				C57BBDFA43C6C51A5FB2557C /* VIPSImage+Analysis.swift */,
				1AB32759DAAEEA4024CCEA5C /* VIPSImage+Band.swift */,
				BBCF4A0DDBE864350F39FE73 /* VIPSImage+CGImage.swift */,
				A0F98A8BEB785AED91EF7C01 /* VIPSImage+Color.swift */,
				14AEEDC8540DCB49C423671A /* VIPSImage+Composite.swift */,
				C5101810BE9943E221A294D3 /* VIPSImage+Debug.swift */,
				D5F0557AA0DE4CD630367C3E /* VIPSImage+Draw.swift */,
				501F100FA2D1E28C280B7F13 /* VIPSImage+Embed.swift */,
				30A4161C60B7D9404D6E16C2 /* VIPSImage+Filter.swift */,
				BCAC76725CCDFF6E33CB1F6D /* VIPSImage+Histogram.swift */,
				C12B51C4C6064CB679E60D5A /* VIPSImage+Loading.swift */,
				F7B418B4CA7B832ED2E499AF /* VIPSImage+Metadata.swift */,
				A43C5EC8823867ED1A4AA1AC /* VIPSImage+Pixel.swift */,
				E9D58CC175FF84949F91277C /* VIPSImage+Resize.swift */,
				3B858E6E9C08F08FD79518F9 /* VIPSImage+Rotate.swift */,
				5F63ABF4B87CE179AB1506E7 /* VIPSImage+Saving.swift */,
				A88DCD27274D824EDAE5D07E /* VIPSImage+Tiling.swift */,
				0612630244D6846E389C328A /* VIPSImage+Transform.swift */,
				B98BED5E481865C87F31D771 /* VIPSImage.swift */,
				A0CC480D15E0FE832B63A963 /* VIPSImageFormat.swift */,
				A0250ECA2787CB5D864E8D8A /* VIPSImageStatistics.swift */,
				6DBE90DF15F47D1F92EE2310 /* VIPSInteresting.swift */,
				1D90E18C329BB623A18CA805 /* VIPSResizeKernel.swift */,
			);
			path = Sources;
			sourceTree = "<group>";
		};
		D9DF4B733F3FA8DDD2FCB85A /* Internal */ = {
			isa = PBXGroup;
			children = (
				FD32B992341B5B4B17507051 /* include */,
				EC122F601CDB68168AD7192A /* CVIPS.c */,
			);
			path = Internal;
			sourceTree = "<group>";
		};
		F0C3CD9B1574430DE64EFEB2 /* TestHost */ = {
			isa = PBXGroup;
			children = (
				5F9330A827D565CFF7743B9E /* AppDelegate.h */,
				1DA169FF246679677317B06F /* AppDelegate.m */,
				894177EAC8EEC474A7D6F697 /* main.m */,
				24AE66B01379F7C96082473A /* LaunchScreen.storyboard */,
				3BCDE854DD61DEEDBE005A7E /* Info.plist */,
			);
			path = TestHost;
			sourceTree = "<group>";
		};
		FA799C891E72F87E261AC5CA /* TestResources */ = {
			isa = PBXGroup;
			children = (
				27CFF149DD5AAABDCAB55F8A /* grayscale.jpg */,
				9B566218CE42B6F61A38A263 /* rotated-3.jpg */,
				FA066001E07A50A87AA816D6 /* rotated-6.jpg */,
				F9E4512B27BBB8E0B61EDF9F /* superman.jpg */,
				0EBBADF7309408E8E7BCD86D /* test-rgb.png */,
				34A923CCB8B7F34D38116ADA /* test-rgba.png */,
				FEFFE6B394FCE03FA29D1E4E /* test.gif */,
				7BBB000E138D79F480366ED5 /* test.jpg */,
				B1E597E675021D3B94D1E78C /* test.tiff */,
				9622304CA38C5829A2AA6E24 /* test.webp */,
				00FD3C1DB46CF1C34282CEF7 /* tiny.png */,
			);
			path = TestResources;
			sourceTree = "<group>";
		};
		FD32B992341B5B4B17507051 /* include */ = {
			isa = PBXGroup;
			children = (
				9D9B6AA57279EC92F2EF6820 /* CVIPS.h */,
				FE43A2DFEB313D36A6AF21DB /* module.modulemap */,
			);
			path = include;
			sourceTree = "<group>";
		};
/* End PBXGroup section */

/* Begin PBXHeadersBuildPhase section */
		90F0875EB20E2D07BA872EAB /* Headers */ = {
			isa = PBXHeadersBuildPhase;
			buildActionMask = 2147483647;
			files = (
				56DAD734E6659BA2C0B17BA2 /* CVIPS.h in Headers */,
			);
			runOnlyForDeploymentPostprocessing = 0;
		};
/* End PBXHeadersBuildPhase section */

/* Begin PBXNativeTarget section */
		0416AA466855E68F603EC6BA /* VIPSTestHost */ = {
			isa = PBXNativeTarget;
			buildConfigurationList = 1B95703C41940538CAE624AC /* Build configuration list for PBXNativeTarget "VIPSTestHost" */;
			buildPhases = (
				F247CFBA58C19D68881C61FB /* Sources */,
				D308FB622CBB6C2D3076063E /* Frameworks */,
				5D0E583B4F985D5AAB8004E5 /* Resources */,
				78C73485361CEC0C210A462F /* Embed Frameworks */,
			);
			buildRules = (
			);
			dependencies = (
				F5873C20430336310F42F0C1 /* PBXTargetDependency */,
			);
			name = VIPSTestHost;
			productName = VIPSTestHost;
			productReference = 434D5797A6C81B63E76A1E5C /* VIPSTestHost.app */;
			productType = "com.apple.product-type.application";
		};
		63F678F1C32CEE6A6BE8FAFA /* VIPSKit */ = {
			isa = PBXNativeTarget;
			buildConfigurationList = 6D441535E76029F65F97F019 /* Build configuration list for PBXNativeTarget "VIPSKit" */;
			buildPhases = (
				90F0875EB20E2D07BA872EAB /* Headers */,
				54248A72C5746D3010153286 /* Sources */,
				20C7E9A301741B5EE6875EB1 /* Frameworks */,
				0B395DB9701EBD8D6F16FC34 /* Resources */,
			);
			buildRules = (
			);
			dependencies = (
			);
			name = VIPSKit;
			packageProductDependencies = (
				E39D32D03584C5DEAFEAFCF0 /* vips-static */,
			);
			productName = VIPSKit;
			productReference = A2FB2865ADF4C0CD2A205948 /* VIPSKit.framework */;
			productType = "com.apple.product-type.framework";
		};
		E05A4163858FD50475419500 /* VIPSKitTests */ = {
			isa = PBXNativeTarget;
			buildConfigurationList = 89BF51778A1A84FD91D698AC /* Build configuration list for PBXNativeTarget "VIPSKitTests" */;
			buildPhases = (
				F74F6AB98C984E62B3FFF954 /* Sources */,
				91E05D35237ABFB2BE0BD1F1 /* Frameworks */,
				5A00BD31C55D21BD0887CAC1 /* Resources */,
			);
			buildRules = (
			);
			dependencies = (
				88112C05FD45FBB1C810656D /* PBXTargetDependency */,
			);
			name = VIPSKitTests;
			packageProductDependencies = (
				C4F6812319393DFE1864AD92 /* vips-static */,
			);
			productName = VIPSKitTests;
			productReference = C62B7E9FEA45DAA5B2C9BD55 /* VIPSKitTests.xctest */;
			productType = "com.apple.product-type.bundle.unit-test";
		};
/* End PBXNativeTarget section */

/* Begin PBXProject section */
		686D22BACAFAEB2788217D40 /* Project object */ = {
			isa = PBXProject;
			attributes = {
				BuildIndependentTargetsInParallel = YES;
				LastSwiftUpdateCheck = 1600;
				LastUpgradeCheck = 2630;
			};
			buildConfigurationList = A420FA069CA89CEE4AA24B01 /* Build configuration list for PBXProject "VIPSKit" */;
			compatibilityVersion = "Xcode 3.2";
			developmentRegion = en;
			hasScannedForEncodings = 0;
			knownRegions = (
				en,
				Base,
			);
			mainGroup = 173AA9D81BE9D73A78EB73E3;
			packageReferences = (
				D237C3B67374064A405F49BC /* XCRemoteSwiftPackageReference "vips-cocoa" */,
			);
			productRefGroup = 0EEBDBF02460A8B4840EEDED /* Products */;
			projectDirPath = "";
			projectRoot = "";
			targets = (
				63F678F1C32CEE6A6BE8FAFA /* VIPSKit */,
				0416AA466855E68F603EC6BA /* VIPSTestHost */,
				E05A4163858FD50475419500 /* VIPSKitTests */,
			);
		};
/* End PBXProject section */

/* Begin PBXResourcesBuildPhase section */
		0B395DB9701EBD8D6F16FC34 /* Resources */ = {
			isa = PBXResourcesBuildPhase;
			buildActionMask = 2147483647;
			files = (
			);
			runOnlyForDeploymentPostprocessing = 0;
		};
		5A00BD31C55D21BD0887CAC1 /* Resources */ = {
			isa = PBXResourcesBuildPhase;
			buildActionMask = 2147483647;
			files = (
				31E7AA5A12D95380CCED1E8A /* superman.jpg in Resources */,
			);
			runOnlyForDeploymentPostprocessing = 0;
		};
		5D0E583B4F985D5AAB8004E5 /* Resources */ = {
			isa = PBXResourcesBuildPhase;
			buildActionMask = 2147483647;
			files = (
				8923C2FF31E0F5E8E2403192 /* LaunchScreen.storyboard in Resources */,
			);
			runOnlyForDeploymentPostprocessing = 0;
		};
/* End PBXResourcesBuildPhase section */

/* Begin PBXSourcesBuildPhase section */
		54248A72C5746D3010153286 /* Sources */ = {
			isa = PBXSourcesBuildPhase;
			buildActionMask = 2147483647;
			files = (
				79DE12D4B505FFCA09758E13 /* CVIPS.c in Sources */,
				B356D02453D1B88D0814F624 /* VIPSBlendMode.swift in Sources */,
				655148DA1A533ED58AB76409 /* VIPSColor.swift in Sources */,
				49D10C82F80E13812537C954 /* VIPSCompassDirection.swift in Sources */,
				B2E8B19295B3C6FCF01F1A40 /* VIPSError.swift in Sources */,
				6B80671FE2CAA0E19493AA98 /* VIPSExtendMode.swift in Sources */,
				E6DF25E86AAF1739A0C4D9F7 /* VIPSImage+Analysis.swift in Sources */,
				E45309A9CB3B8C79AAAD67E4 /* VIPSImage+Band.swift in Sources */,
				7D6C43BEC4F3E1578041262F /* VIPSImage+CGImage.swift in Sources */,
				E2C1C67641E35735E6D4CD40 /* VIPSImage+Color.swift in Sources */,
				6C60B65FA59B0C41714D3C55 /* VIPSImage+Composite.swift in Sources */,
				0C933C13A949B3E172ADE6B5 /* VIPSImage+Debug.swift in Sources */,
				7DA21011F0531AD68A6EEAFF /* VIPSImage+Draw.swift in Sources */,
				060374979ECA22F8985B9C85 /* VIPSImage+Embed.swift in Sources */,
				C1CD98157AE327EAF6F960A2 /* VIPSImage+Filter.swift in Sources */,
				5D0AB3F5BEC542F02603FC14 /* VIPSImage+Histogram.swift in Sources */,
				38CADD000EC2DDBA30E7CA96 /* VIPSImage+Loading.swift in Sources */,
				910A449300B9CC82A7C0900B /* VIPSImage+Metadata.swift in Sources */,
				D16CE0C2B43D45D2A51BEF25 /* VIPSImage+Pixel.swift in Sources */,
				4370C5711D5790F020B09554 /* VIPSImage+Resize.swift in Sources */,
				D01337824F592D45E8556253 /* VIPSImage+Rotate.swift in Sources */,
				FA81A2F14836E5D71AB67E4A /* VIPSImage+Saving.swift in Sources */,
				EF809BD5F382E9E7BE6EB2A7 /* VIPSImage+Tiling.swift in Sources */,
				30196A24BCE306C8AE11E384 /* VIPSImage+Transform.swift in Sources */,
				D9E9FB2C5D060890961FF3C1 /* VIPSImage.swift in Sources */,
				5A74AE22ED2346332E66AFF7 /* VIPSImageFormat.swift in Sources */,
				CDF58D5F52364156B1E2FD84 /* VIPSImageStatistics.swift in Sources */,
				4B30E788A6F45858D0316D27 /* VIPSInteresting.swift in Sources */,
				6B0625B3D872054EA6E386C7 /* VIPSResizeKernel.swift in Sources */,
			);
			runOnlyForDeploymentPostprocessing = 0;
		};
		F247CFBA58C19D68881C61FB /* Sources */ = {
			isa = PBXSourcesBuildPhase;
			buildActionMask = 2147483647;
			files = (
				90205520A76D87A5E35150A0 /* AppDelegate.m in Sources */,
				E7A85502885CA56B1F2F72C0 /* main.m in Sources */,
			);
			runOnlyForDeploymentPostprocessing = 0;
		};
		F74F6AB98C984E62B3FFF954 /* Sources */ = {
			isa = PBXSourcesBuildPhase;
			buildActionMask = 2147483647;
			files = (
				9A9710DAC1F2E86ABCD824CC /* VIPSColorTests.swift in Sources */,
				8BD3CADCB3FAD6C0576BB3EB /* VIPSErrorTests.swift in Sources */,
				493EF93D81F0C87471475A65 /* VIPSImageAnalysisTests.swift in Sources */,
				5E1892E152C2AFF8092FB94A /* VIPSImageBandTests.swift in Sources */,
				390DD1B86E529C98D7597AE6 /* VIPSImageCGImageTests.swift in Sources */,
				5D786AA8D8C1ECF1A759D34D /* VIPSImageColorTests.swift in Sources */,
				D2BCB1E3D3F491001FB84106 /* VIPSImageCompositeTests.swift in Sources */,
				AF187B62BFB67DB4A1C76FAD /* VIPSImageCoreTests.swift in Sources */,
				0AB9912A115E72515B33ACFB /* VIPSImageDrawTests.swift in Sources */,
				4636A2DBE902258A269BDB13 /* VIPSImageEmbedTests.swift in Sources */,
				16BCA42005CB835DAC094B74 /* VIPSImageFilterTests.swift in Sources */,
				AA16C325612C9C17CC969B1A /* VIPSImageFormatTests.swift in Sources */,
				9E228846450E19265680FE09 /* VIPSImageHistogramTests.swift in Sources */,
				3F7EDCECCB6C1F4287986F68 /* VIPSImageLoadingTests.swift in Sources */,
				EA1C950133B7A76E704F033C /* VIPSImageMetadataTests.swift in Sources */,
				9B980C27F6EEEE3D0139C4AD /* VIPSImagePixelTests.swift in Sources */,
				575C2A36310BC2DF73D7F9F5 /* VIPSImageResizeTests.swift in Sources */,
				F06DA3B13852C1EC6CDA3ADB /* VIPSImageRotateTests.swift in Sources */,
				358153890C4DA47D84F97F6C /* VIPSImageSavingTests.swift in Sources */,
				B68BEE05BEE7F64CC91EF9F8 /* VIPSImageTestCase.swift in Sources */,
				D64951C3C4D862E7F0C33A7C /* VIPSImageTilingTests.swift in Sources */,
				8C0DBCBD7C8416EE5F6676CA /* VIPSImageTransformTests.swift in Sources */,
			);
			runOnlyForDeploymentPostprocessing = 0;
		};
/* End PBXSourcesBuildPhase section */

/* Begin PBXTargetDependency section */
		88112C05FD45FBB1C810656D /* PBXTargetDependency */ = {
			isa = PBXTargetDependency;
			name = VIPSTestHost;
			target = 0416AA466855E68F603EC6BA /* VIPSTestHost */;
			targetProxy = FF9FD132E9B01C27FB811630 /* PBXContainerItemProxy */;
		};
		F5873C20430336310F42F0C1 /* PBXTargetDependency */ = {
			isa = PBXTargetDependency;
			name = VIPSKit;
			target = 63F678F1C32CEE6A6BE8FAFA /* VIPSKit */;
			targetProxy = 629DCD62BA4B96AD6601BBE3 /* PBXContainerItemProxy */;
		};
/* End PBXTargetDependency section */

/* Begin XCBuildConfiguration section */
		224732DDBC6AFA979F82548F /* Debug */ = {
			isa = XCBuildConfiguration;
			buildSettings = {
				ASSETCATALOG_COMPILER_APPICON_NAME = AppIcon;
				ASSETCATALOG_COMPILER_GLOBAL_ACCENT_COLOR_NAME = AccentColor;
				CLANG_ENABLE_OBJC_WEAK = NO;
				CODE_SIGN_STYLE = Automatic;
				GENERATE_INFOPLIST_FILE = YES;
				INFOPLIST_FILE = Tests/TestHost/Info.plist;
				IPHONEOS_DEPLOYMENT_TARGET = 15.0;
				LD_RUNPATH_SEARCH_PATHS = (
					"$(inherited)",
					"@executable_path/Frameworks",
				);
				MERGED_BINARY_TYPE = none;
				PRODUCT_BUNDLE_IDENTIFIER = org.libvips.VIPSTestHost;
				PRODUCT_NAME = "$(TARGET_NAME)";
				SDKROOT = iphoneos;
				SUPPORTED_PLATFORMS = "iphoneos iphonesimulator";
				SWIFT_VERSION = 5.0;
				TARGETED_DEVICE_FAMILY = "1,2";
			};
			name = Debug;
		};
		33D0A0EFB5D8ED706AE9BC8C /* Debug */ = {
			isa = XCBuildConfiguration;
			buildSettings = {
				ALWAYS_SEARCH_USER_PATHS = NO;
				CLANG_ANALYZER_NONNULL = YES;
				CLANG_ANALYZER_NUMBER_OBJECT_CONVERSION = YES_AGGRESSIVE;
				CLANG_CXX_LANGUAGE_STANDARD = "gnu++14";
				CLANG_CXX_LIBRARY = "libc++";
				CLANG_ENABLE_MODULES = YES;
				CLANG_ENABLE_OBJC_ARC = YES;
				CLANG_ENABLE_OBJC_WEAK = YES;
				CLANG_WARN_BLOCK_CAPTURE_AUTORELEASING = YES;
				CLANG_WARN_BOOL_CONVERSION = YES;
				CLANG_WARN_COMMA = YES;
				CLANG_WARN_CONSTANT_CONVERSION = YES;
				CLANG_WARN_DEPRECATED_OBJC_IMPLEMENTATIONS = YES;
				CLANG_WARN_DIRECT_OBJC_ISA_USAGE = YES_ERROR;
				CLANG_WARN_DOCUMENTATION_COMMENTS = YES;
				CLANG_WARN_EMPTY_BODY = YES;
				CLANG_WARN_ENUM_CONVERSION = YES;
				CLANG_WARN_INFINITE_RECURSION = YES;
				CLANG_WARN_INT_CONVERSION = YES;
				CLANG_WARN_NON_LITERAL_NULL_CONVERSION = YES;
				CLANG_WARN_OBJC_IMPLICIT_RETAIN_SELF = YES;
				CLANG_WARN_OBJC_LITERAL_CONVERSION = YES;
				CLANG_WARN_OBJC_ROOT_CLASS = YES_ERROR;
				CLANG_WARN_QUOTED_INCLUDE_IN_FRAMEWORK_HEADER = YES;
				CLANG_WARN_RANGE_LOOP_ANALYSIS = YES;
				CLANG_WARN_STRICT_PROTOTYPES = YES;
				CLANG_WARN_SUSPICIOUS_MOVE = YES;
				CLANG_WARN_UNGUARDED_AVAILABILITY = YES_AGGRESSIVE;
				CLANG_WARN_UNREACHABLE_CODE = YES;
				CLANG_WARN__DUPLICATE_METHOD_MATCH = YES;
				COPY_PHASE_STRIP = NO;
				DEAD_CODE_STRIPPING = YES;
				DEBUG_INFORMATION_FORMAT = dwarf;
				ENABLE_STRICT_OBJC_MSGSEND = YES;
				ENABLE_TESTABILITY = YES;
				ENABLE_USER_SCRIPT_SANDBOXING = YES;
				GCC_C_LANGUAGE_STANDARD = gnu11;
				GCC_DYNAMIC_NO_PIC = NO;
				GCC_NO_COMMON_BLOCKS = YES;
				GCC_OPTIMIZATION_LEVEL = 0;
				GCC_PREPROCESSOR_DEFINITIONS = (
					"DEBUG=1",
					"$(inherited)",
				);
				GCC_WARN_64_TO_32_BIT_CONVERSION = YES;
				GCC_WARN_ABOUT_RETURN_TYPE = YES_ERROR;
				GCC_WARN_UNDECLARED_SELECTOR = YES;
				GCC_WARN_UNINITIALIZED_AUTOS = YES_AGGRESSIVE;
				GCC_WARN_UNUSED_FUNCTION = YES;
				GCC_WARN_UNUSED_VARIABLE = YES;
				IPHONEOS_DEPLOYMENT_TARGET = 15.0;
				MTL_ENABLE_DEBUG_INFO = INCLUDE_SOURCE;
				MTL_FAST_MATH = YES;
				ONLY_ACTIVE_ARCH = YES;
				PRODUCT_NAME = "$(TARGET_NAME)";
				STRING_CATALOG_GENERATE_SYMBOLS = YES;
				SWIFT_ACTIVE_COMPILATION_CONDITIONS = DEBUG;
				SWIFT_OPTIMIZATION_LEVEL = "-Onone";
				SWIFT_VERSION = 5.0;
			};
			name = Debug;
		};
		5121A8A9EC5035148C9F324A /* Release */ = {
			isa = XCBuildConfiguration;
			buildSettings = {
				ASSETCATALOG_COMPILER_APPICON_NAME = AppIcon;
				ASSETCATALOG_COMPILER_GLOBAL_ACCENT_COLOR_NAME = AccentColor;
				CLANG_ENABLE_OBJC_WEAK = NO;
				CODE_SIGN_STYLE = Automatic;
				GENERATE_INFOPLIST_FILE = YES;
				INFOPLIST_FILE = Tests/TestHost/Info.plist;
				IPHONEOS_DEPLOYMENT_TARGET = 15.0;
				LD_RUNPATH_SEARCH_PATHS = (
					"$(inherited)",
					"@executable_path/Frameworks",
				);
				MERGED_BINARY_TYPE = none;
				PRODUCT_BUNDLE_IDENTIFIER = org.libvips.VIPSTestHost;
				PRODUCT_NAME = "$(TARGET_NAME)";
				SDKROOT = iphoneos;
				SUPPORTED_PLATFORMS = "iphoneos iphonesimulator";
				SWIFT_VERSION = 5.0;
				TARGETED_DEVICE_FAMILY = "1,2";
				VALIDATE_PRODUCT = YES;
			};
			name = Release;
		};
		966B01F64D01E8EA37700E6C /* Debug */ = {
			isa = XCBuildConfiguration;
			buildSettings = {
				BUILD_LIBRARY_FOR_DISTRIBUTION = YES;
				CLANG_ALLOW_NON_MODULAR_INCLUDES_IN_FRAMEWORK_MODULES = YES;
				CLANG_ENABLE_MODULES = YES;
				CLANG_ENABLE_OBJC_WEAK = NO;
				CODE_SIGN_IDENTITY = "";
				CURRENT_PROJECT_VERSION = 1;
				DEFINES_MODULE = YES;
				DYLIB_COMPATIBILITY_VERSION = 1;
				DYLIB_CURRENT_VERSION = 1;
				DYLIB_INSTALL_NAME_BASE = "@rpath";
				ENABLE_MODULE_VERIFIER = YES;
				GCC_OPTIMIZATION_LEVEL = 0;
				GCC_PREPROCESSOR_DEFINITIONS = (
					"$(inherited)",
					"HAVE_CONFIG_H=1",
				);
				GENERATE_INFOPLIST_FILE = YES;
				HEADER_SEARCH_PATHS = (
					"$(inherited)",
					"$(SRCROOT)/Sources/Internal/include",
				);
				INSTALL_PATH = "$(LOCAL_LIBRARY_DIR)/Frameworks";
				IPHONEOS_DEPLOYMENT_TARGET = 15.0;
				LD_RUNPATH_SEARCH_PATHS = (
					"$(inherited)",
					"@executable_path/Frameworks",
					"@loader_path/Frameworks",
				);
				MODULE_VERIFIER_SUPPORTED_LANGUAGE_STANDARDS = "gnu11 gnu++14";
				OTHER_CFLAGS = (
					"$(inherited)",
					"-fmodule-map-file=$(SRCROOT)/Sources/Internal/include/module.modulemap",
					"-Wno-documentation",
				);
				OTHER_LDFLAGS = (
					"$(inherited)",
					"-lz",
					"-liconv",
					"-lresolv",
					"-lc++",
					"-lexpat",
					"-force_load",
					"$(BUILD_DIR)/$(CONFIGURATION)$(EFFECTIVE_PLATFORM_NAME)/vips.a",
				);
				OTHER_SWIFT_FLAGS = "$(inherited) -Xcc -fmodule-map-file=$(SRCROOT)/Sources/Internal/include/module.modulemap";
				PRODUCT_BUNDLE_IDENTIFIER = org.libvips.VIPSKit;
				PRODUCT_NAME = "$(TARGET_NAME)";
				SDKROOT = iphoneos;
				SKIP_INSTALL = YES;
				SUPPORTED_PLATFORMS = "iphoneos iphonesimulator macosx";
				SUPPORTS_MACCATALYST = YES;
				SWIFT_INCLUDE_PATHS = "$(inherited) $(SRCROOT)/Sources/Internal/include";
				SWIFT_OPTIMIZATION_LEVEL = "-Onone";
				SWIFT_VERSION = 5.0;
				TARGETED_DEVICE_FAMILY = "1,2";
				VERSIONING_SYSTEM = "apple-generic";
				VERSION_INFO_PREFIX = "";
			};
			name = Debug;
		};
		9D4F65C64639EFF2602DEE3F /* Release */ = {
			isa = XCBuildConfiguration;
			buildSettings = {
				BUNDLE_LOADER = "$(TEST_HOST)";
				CLANG_ENABLE_OBJC_WEAK = NO;
				COMPRESS_PNG_FILES = NO;
				GENERATE_INFOPLIST_FILE = YES;
				INFOPLIST_FILE = "";
				IPHONEOS_DEPLOYMENT_TARGET = 15.0;
				OTHER_LDFLAGS = (
					"$(inherited)",
					"-lz",
					"-liconv",
					"-lresolv",
					"-lc++",
				);
				OTHER_SWIFT_FLAGS = "$(inherited) -Xcc -fmodule-map-file=$(SRCROOT)/Sources/Internal/include/module.modulemap";
				PRODUCT_BUNDLE_IDENTIFIER = org.libvips.VIPSKitTests;
				PRODUCT_NAME = "$(TARGET_NAME)";
				SDKROOT = iphoneos;
				SUPPORTED_PLATFORMS = "iphoneos iphonesimulator";
				SWIFT_INCLUDE_PATHS = "$(inherited) $(SRCROOT)/Sources/Internal/include";
				SWIFT_VERSION = 5.0;
				TEST_HOST = "$(BUILT_PRODUCTS_DIR)/VIPSTestHost.app/$(BUNDLE_EXECUTABLE_FOLDER_PATH)/VIPSTestHost";
				VALIDATE_PRODUCT = YES;
			};
			name = Release;
		};
		AB0BEEAA928EB9E76E5CC7EF /* Release */ = {
			isa = XCBuildConfiguration;
			buildSettings = {
				BUILD_LIBRARY_FOR_DISTRIBUTION = YES;
				CLANG_ALLOW_NON_MODULAR_INCLUDES_IN_FRAMEWORK_MODULES = YES;
				CLANG_ENABLE_MODULES = YES;
				CLANG_ENABLE_OBJC_WEAK = NO;
				CODE_SIGN_IDENTITY = "";
				CURRENT_PROJECT_VERSION = 1;
				DEFINES_MODULE = YES;
				DYLIB_COMPATIBILITY_VERSION = 1;
				DYLIB_CURRENT_VERSION = 1;
				DYLIB_INSTALL_NAME_BASE = "@rpath";
				ENABLE_MODULE_VERIFIER = YES;
				GCC_OPTIMIZATION_LEVEL = s;
				GCC_PREPROCESSOR_DEFINITIONS = (
					"$(inherited)",
					"HAVE_CONFIG_H=1",
				);
				GENERATE_INFOPLIST_FILE = YES;
				HEADER_SEARCH_PATHS = (
					"$(inherited)",
					"$(SRCROOT)/Sources/Internal/include",
				);
				INSTALL_PATH = "$(LOCAL_LIBRARY_DIR)/Frameworks";
				IPHONEOS_DEPLOYMENT_TARGET = 15.0;
				LD_RUNPATH_SEARCH_PATHS = (
					"$(inherited)",
					"@executable_path/Frameworks",
					"@loader_path/Frameworks",
				);
				MODULE_VERIFIER_SUPPORTED_LANGUAGE_STANDARDS = "gnu11 gnu++14";
				OTHER_CFLAGS = (
					"$(inherited)",
					"-fmodule-map-file=$(SRCROOT)/Sources/Internal/include/module.modulemap",
					"-Wno-documentation",
				);
				OTHER_LDFLAGS = (
					"$(inherited)",
					"-lz",
					"-liconv",
					"-lresolv",
					"-lc++",
					"-lexpat",
					"-force_load",
					"$(BUILD_DIR)/$(CONFIGURATION)$(EFFECTIVE_PLATFORM_NAME)/vips.a",
				);
				OTHER_SWIFT_FLAGS = "$(inherited) -Xcc -fmodule-map-file=$(SRCROOT)/Sources/Internal/include/module.modulemap";
				PRODUCT_BUNDLE_IDENTIFIER = org.libvips.VIPSKit;
				PRODUCT_NAME = "$(TARGET_NAME)";
				SDKROOT = iphoneos;
				SKIP_INSTALL = YES;
				SUPPORTED_PLATFORMS = "iphoneos iphonesimulator macosx";
				SUPPORTS_MACCATALYST = YES;
				SWIFT_INCLUDE_PATHS = "$(inherited) $(SRCROOT)/Sources/Internal/include";
				SWIFT_OPTIMIZATION_LEVEL = "-O";
				SWIFT_VERSION = 5.0;
				TARGETED_DEVICE_FAMILY = "1,2";
				VALIDATE_PRODUCT = YES;
				VERSIONING_SYSTEM = "apple-generic";
				VERSION_INFO_PREFIX = "";
			};
			name = Release;
		};
		C80F7866A7B7C005FE096222 /* Release */ = {
			isa = XCBuildConfiguration;
			buildSettings = {
				ALWAYS_SEARCH_USER_PATHS = NO;
				CLANG_ANALYZER_NONNULL = YES;
				CLANG_ANALYZER_NUMBER_OBJECT_CONVERSION = YES_AGGRESSIVE;
				CLANG_CXX_LANGUAGE_STANDARD = "gnu++14";
				CLANG_CXX_LIBRARY = "libc++";
				CLANG_ENABLE_MODULES = YES;
				CLANG_ENABLE_OBJC_ARC = YES;
				CLANG_ENABLE_OBJC_WEAK = YES;
				CLANG_WARN_BLOCK_CAPTURE_AUTORELEASING = YES;
				CLANG_WARN_BOOL_CONVERSION = YES;
				CLANG_WARN_COMMA = YES;
				CLANG_WARN_CONSTANT_CONVERSION = YES;
				CLANG_WARN_DEPRECATED_OBJC_IMPLEMENTATIONS = YES;
				CLANG_WARN_DIRECT_OBJC_ISA_USAGE = YES_ERROR;
				CLANG_WARN_DOCUMENTATION_COMMENTS = YES;
				CLANG_WARN_EMPTY_BODY = YES;
				CLANG_WARN_ENUM_CONVERSION = YES;
				CLANG_WARN_INFINITE_RECURSION = YES;
				CLANG_WARN_INT_CONVERSION = YES;
				CLANG_WARN_NON_LITERAL_NULL_CONVERSION = YES;
				CLANG_WARN_OBJC_IMPLICIT_RETAIN_SELF = YES;
				CLANG_WARN_OBJC_LITERAL_CONVERSION = YES;
				CLANG_WARN_OBJC_ROOT_CLASS = YES_ERROR;
				CLANG_WARN_QUOTED_INCLUDE_IN_FRAMEWORK_HEADER = YES;
				CLANG_WARN_RANGE_LOOP_ANALYSIS = YES;
				CLANG_WARN_STRICT_PROTOTYPES = YES;
				CLANG_WARN_SUSPICIOUS_MOVE = YES;
				CLANG_WARN_UNGUARDED_AVAILABILITY = YES_AGGRESSIVE;
				CLANG_WARN_UNREACHABLE_CODE = YES;
				CLANG_WARN__DUPLICATE_METHOD_MATCH = YES;
				COPY_PHASE_STRIP = NO;
				DEAD_CODE_STRIPPING = YES;
				DEBUG_INFORMATION_FORMAT = "dwarf-with-dsym";
				ENABLE_NS_ASSERTIONS = NO;
				ENABLE_STRICT_OBJC_MSGSEND = YES;
				ENABLE_USER_SCRIPT_SANDBOXING = YES;
				GCC_C_LANGUAGE_STANDARD = gnu11;
				GCC_NO_COMMON_BLOCKS = YES;
				GCC_WARN_64_TO_32_BIT_CONVERSION = YES;
				GCC_WARN_ABOUT_RETURN_TYPE = YES_ERROR;
				GCC_WARN_UNDECLARED_SELECTOR = YES;
				GCC_WARN_UNINITIALIZED_AUTOS = YES_AGGRESSIVE;
				GCC_WARN_UNUSED_FUNCTION = YES;
				GCC_WARN_UNUSED_VARIABLE = YES;
				IPHONEOS_DEPLOYMENT_TARGET = 15.0;
				MTL_ENABLE_DEBUG_INFO = NO;
				MTL_FAST_MATH = YES;
				PRODUCT_NAME = "$(TARGET_NAME)";
				STRING_CATALOG_GENERATE_SYMBOLS = YES;
				SWIFT_COMPILATION_MODE = wholemodule;
				SWIFT_OPTIMIZATION_LEVEL = "-O";
				SWIFT_VERSION = 5.0;
			};
			name = Release;
		};
		F43B62B733A8FD57BE6ED3F9 /* Debug */ = {
			isa = XCBuildConfiguration;
			buildSettings = {
				BUNDLE_LOADER = "$(TEST_HOST)";
				CLANG_ENABLE_OBJC_WEAK = NO;
				COMPRESS_PNG_FILES = NO;
				GENERATE_INFOPLIST_FILE = YES;
				INFOPLIST_FILE = "";
				IPHONEOS_DEPLOYMENT_TARGET = 15.0;
				OTHER_LDFLAGS = (
					"$(inherited)",
					"-lz",
					"-liconv",
					"-lresolv",
					"-lc++",
				);
				OTHER_SWIFT_FLAGS = "$(inherited) -Xcc -fmodule-map-file=$(SRCROOT)/Sources/Internal/include/module.modulemap";
				PRODUCT_BUNDLE_IDENTIFIER = org.libvips.VIPSKitTests;
				PRODUCT_NAME = "$(TARGET_NAME)";
				SDKROOT = iphoneos;
				SUPPORTED_PLATFORMS = "iphoneos iphonesimulator";
				SWIFT_INCLUDE_PATHS = "$(inherited) $(SRCROOT)/Sources/Internal/include";
				SWIFT_VERSION = 5.0;
				TEST_HOST = "$(BUILT_PRODUCTS_DIR)/VIPSTestHost.app/$(BUNDLE_EXECUTABLE_FOLDER_PATH)/VIPSTestHost";
			};
			name = Debug;
		};
/* End XCBuildConfiguration section */

/* Begin XCConfigurationList section */
		1B95703C41940538CAE624AC /* Build configuration list for PBXNativeTarget "VIPSTestHost" */ = {
			isa = XCConfigurationList;
			buildConfigurations = (
				5121A8A9EC5035148C9F324A /* Release */,
				224732DDBC6AFA979F82548F /* Debug */,
			);
			defaultConfigurationIsVisible = 0;
			defaultConfigurationName = Release;
		};
		6D441535E76029F65F97F019 /* Build configuration list for PBXNativeTarget "VIPSKit" */ = {
			isa = XCConfigurationList;
			buildConfigurations = (
				AB0BEEAA928EB9E76E5CC7EF /* Release */,
				966B01F64D01E8EA37700E6C /* Debug */,
			);
			defaultConfigurationIsVisible = 0;
			defaultConfigurationName = Release;
		};
		89BF51778A1A84FD91D698AC /* Build configuration list for PBXNativeTarget "VIPSKitTests" */ = {
			isa = XCConfigurationList;
			buildConfigurations = (
				9D4F65C64639EFF2602DEE3F /* Release */,
				F43B62B733A8FD57BE6ED3F9 /* Debug */,
			);
			defaultConfigurationIsVisible = 0;
			defaultConfigurationName = Release;
		};
		A420FA069CA89CEE4AA24B01 /* Build configuration list for PBXProject "VIPSKit" */ = {
			isa = XCConfigurationList;
			buildConfigurations = (
				33D0A0EFB5D8ED706AE9BC8C /* Debug */,
				C80F7866A7B7C005FE096222 /* Release */,
			);
			defaultConfigurationIsVisible = 0;
			defaultConfigurationName = Release;
		};
/* End XCConfigurationList section */

/* Begin XCRemoteSwiftPackageReference section */
		D237C3B67374064A405F49BC /* XCRemoteSwiftPackageReference "vips-cocoa" */ = {
			isa = XCRemoteSwiftPackageReference;
			repositoryURL = "https://github.com/TimOliver/vips-cocoa.git";
			requirement = {
				kind = upToNextMajorVersion;
				minimumVersion = 8.18.0;
			};
		};
/* End XCRemoteSwiftPackageReference section */

/* Begin XCSwiftPackageProductDependency section */
		C4F6812319393DFE1864AD92 /* vips-static */ = {
			isa = XCSwiftPackageProductDependency;
			package = D237C3B67374064A405F49BC /* XCRemoteSwiftPackageReference "vips-cocoa" */;
			productName = "vips-static";
		};
		E39D32D03584C5DEAFEAFCF0 /* vips-static */ = {
			isa = XCSwiftPackageProductDependency;
			package = D237C3B67374064A405F49BC /* XCRemoteSwiftPackageReference "vips-cocoa" */;
			productName = "vips-static";
		};
/* End XCSwiftPackageProductDependency section */
	};
	rootObject = 686D22BACAFAEB2788217D40 /* Project object */;
}
