// !$*UTF8*$!
{
	archiveVersion = 1;
	classes = {
	};
	objectVersion = 54;
	objects = {

/* Begin PBXBuildFile section */
		000CADD55B04BC54C537772D /* VIPSImage+Filter.swift in Sources */ = {isa = PBXBuildFile; fileRef = EDB9558D96B4133540B1C9F8 /* VIPSImage+Filter.swift */; };
		075DDCA0867AC8F6A6E4D459 /* VIPSImage+Color.swift in Sources */ = {isa = PBXBuildFile; fileRef = FE3510E85FB003D119C3903A /* VIPSImage+Color.swift */; };
		077F33834B3E6FCD4A09B41E /* Tests/VIPSImageTransformTests.swift in Sources */ = {isa = PBXBuildFile; fileRef = 504A2EECB9D323ECA756EB24 /* Tests/VIPSImageTransformTests.swift */; };
		07991CEC6DAF8C57A1C31535 /* VIPSImage+Export.swift in Sources */ = {isa = PBXBuildFile; fileRef = FA5A5E88D2DA14FC043FA8BE /* VIPSImage+Export.swift */; };
		0E67FB51BDECB8C4080016AD /* Tests/VIPSImageResizeTests.swift in Sources */ = {isa = PBXBuildFile; fileRef = 6A360644BE3033C62F70D4DC /* Tests/VIPSImageResizeTests.swift */; };
		1359B6D5C1BD3C05635736E4 /* Tests/VIPSImageAnalysisTests.swift in Sources */ = {isa = PBXBuildFile; fileRef = C207A830FE95BEB45AA9C518 /* Tests/VIPSImageAnalysisTests.swift */; };
		1CE113712D431BDE2259BE88 /* VIPSResizeKernel.swift in Sources */ = {isa = PBXBuildFile; fileRef = 0FE1C00D5C71B9962987B84B /* VIPSResizeKernel.swift */; };
		1EE478962BF67A13CB8EFFA3 /* VIPSImage+Loading.swift in Sources */ = {isa = PBXBuildFile; fileRef = 0BCD97DB6C38B3B1ED0A684B /* VIPSImage+Loading.swift */; };
		1F328D7F1D6A02F74122F09E /* Tests/VIPSImageCompositeTests.swift in Sources */ = {isa = PBXBuildFile; fileRef = 16AFB20E9123A608A5AC112F /* Tests/VIPSImageCompositeTests.swift */; };
		20DD2BC63276D71AE5AB80DB /* Tests/VIPSImageSavingTests.swift in Sources */ = {isa = PBXBuildFile; fileRef = 914316CE0A8C3EDF5657256F /* Tests/VIPSImageSavingTests.swift */; };
		228C22792F38FA3100AC49DD /* vips-static in Frameworks */ = {isa = PBXBuildFile; productRef = 96204E64A8E17C14D9B40721 /* vips-static */; };
		228C227A2F38FA3100AC49DD /* vips-static in Frameworks */ = {isa = PBXBuildFile; productRef = 1B83A731F7C96F05052011E4 /* vips-static */; };
		3DDA76DA668BEAE468C76394 /* VIPSInteresting.swift in Sources */ = {isa = PBXBuildFile; fileRef = 237B4B177D15D81825B01B2D /* VIPSInteresting.swift */; };
		4B19108819F685B31D4C9214 /* VIPSImage.swift in Sources */ = {isa = PBXBuildFile; fileRef = DFB3EA46C4F75C3B975A3D81 /* VIPSImage.swift */; };
		4DF385BB0E4AE4D69A4D0729 /* Tests/VIPSImageCoreTests.swift in Sources */ = {isa = PBXBuildFile; fileRef = F2A7FBEF2E34362BD56D0CD6 /* Tests/VIPSImageCoreTests.swift */; };
		4E67FBE406806F72F22973BD /* Foundation.framework in Frameworks */ = {isa = PBXBuildFile; fileRef = B4DAF7F456D090E86160A846 /* Foundation.framework */; };
		50F168E05C9D9708DCB1A983 /* Tests/VIPSImageColorTests.swift in Sources */ = {isa = PBXBuildFile; fileRef = 751F94B4D990C0D1B3B2EDFB /* Tests/VIPSImageColorTests.swift */; };
		658D6679934762BF69104E16 /* VIPSBlendMode.swift in Sources */ = {isa = PBXBuildFile; fileRef = CD4F6B60352419A5C9CE5777 /* VIPSBlendMode.swift */; };
		6F6D0D6C12AEB948A936A594 /* VIPSKit.framework in Frameworks */ = {isa = PBXBuildFile; fileRef = EBDE67EC8DB723510A06B751 /* VIPSKit.framework */; };
		70FE07D3B5A72BE2E581645F /* VIPSImage+Composite.swift in Sources */ = {isa = PBXBuildFile; fileRef = 34CDD349BE1DF8941C50D6A0 /* VIPSImage+Composite.swift */; };
		735E4C327550A6F0E1AD9619 /* Foundation.framework in Frameworks */ = {isa = PBXBuildFile; fileRef = B4DAF7F456D090E86160A846 /* Foundation.framework */; };
		7F94E9286DC62220F175204F /* Tests/VIPSImageLoadingTests.swift in Sources */ = {isa = PBXBuildFile; fileRef = F8A2D2A35E4E3F7F11348E81 /* Tests/VIPSImageLoadingTests.swift */; };
		88E559CD2616AD2E60C320D0 /* VIPSImageFormat.swift in Sources */ = {isa = PBXBuildFile; fileRef = 24F95D3D4574F047C7D1F72A /* VIPSImageFormat.swift */; };
		89A289E7769515D2E5DF9445 /* Tests/VIPSImageFilterTests.swift in Sources */ = {isa = PBXBuildFile; fileRef = D442C5DE6CA19578891FE05A /* Tests/VIPSImageFilterTests.swift */; };
		8CD8259EB9E90F10E9AB5D49 /* LaunchScreen.storyboard in Resources */ = {isa = PBXBuildFile; fileRef = 9A2E6515A42B885E5F954857 /* LaunchScreen.storyboard */; };
		987D9FD695D724FFE9F23359 /* CVIPS.h in Headers */ = {isa = PBXBuildFile; fileRef = 51FF88FB5BD131128C53FB31 /* CVIPS.h */; settings = {ATTRIBUTES = (Private, ); }; };
		A655FF1428AD29084FDB6481 /* VIPSImage+CGImage.swift in Sources */ = {isa = PBXBuildFile; fileRef = ADDE7709C51B85756850B032 /* VIPSImage+CGImage.swift */; };
		A8F5F6A8698732E46191911B /* main.m in Sources */ = {isa = PBXBuildFile; fileRef = 2434AB8C654E427CEA0784C6 /* main.m */; };
		AEDA8FDB8E2E3ACDBC735E10 /* CVIPS.c in Sources */ = {isa = PBXBuildFile; fileRef = 695874A450F8AFF3FD401254 /* CVIPS.c */; };
		AF701592650D9B874D027A9D /* Tests/VIPSImageExportTests.swift in Sources */ = {isa = PBXBuildFile; fileRef = AD17C47C8B207F27D38E4123 /* Tests/VIPSImageExportTests.swift */; };
		B72823D8CC50848078D617F3 /* VIPSKit.framework in Frameworks */ = {isa = PBXBuildFile; fileRef = EBDE67EC8DB723510A06B751 /* VIPSKit.framework */; };
		B82072D08002BAEC8052C641 /* VIPSKit.framework in Embed Frameworks */ = {isa = PBXBuildFile; fileRef = EBDE67EC8DB723510A06B751 /* VIPSKit.framework */; settings = {ATTRIBUTES = (CodeSignOnCopy, RemoveHeadersOnCopy, ); }; };
		BD468E3CF42AF93337462FDF /* VIPSImage+Transform.swift in Sources */ = {isa = PBXBuildFile; fileRef = 83CC13C32461D926306D15A3 /* VIPSImage+Transform.swift */; };
		BE5AD43334D3359898DB0BA1 /* VIPSImage+Tiling.swift in Sources */ = {isa = PBXBuildFile; fileRef = 84C15C2A0EB12E1A7627AF5F /* VIPSImage+Tiling.swift */; };
		BF6373F250770586C45636DD /* VIPSImageStatistics.swift in Sources */ = {isa = PBXBuildFile; fileRef = F31306C1D8093ACF95031FAE /* VIPSImageStatistics.swift */; };
		C5733A80E2B2EF0F8EB595A5 /* VIPSImage+Saving.swift in Sources */ = {isa = PBXBuildFile; fileRef = 194AF461CF73916FA6409537 /* VIPSImage+Saving.swift */; };
		CDB45254B168DC5D1513E78E /* Tests/VIPSImageCGImageTests.swift in Sources */ = {isa = PBXBuildFile; fileRef = 2E84D9946173D46D4623D9C4 /* Tests/VIPSImageCGImageTests.swift */; };
		D44DA7666C30D52ACB5BC866 /* AppDelegate.m in Sources */ = {isa = PBXBuildFile; fileRef = D279A2F425C3FC228FEA3C47 /* AppDelegate.m */; };
		E3A0DDAA92B9F67F0BB368DE /* VIPSImage+Resize.swift in Sources */ = {isa = PBXBuildFile; fileRef = 1BC52C6585D7014BEB424F74 /* VIPSImage+Resize.swift */; };
		ED48A790F6F03F233922662A /* VIPSError.swift in Sources */ = {isa = PBXBuildFile; fileRef = 85C7FF7CC099BFEAAD600DF9 /* VIPSError.swift */; };
		EFD4902839AAAA03833B8FF8 /* superman.jpg in Resources */ = {isa = PBXBuildFile; fileRef = 497FD8964094D5E8B06F58AE /* superman.jpg */; };
		F01CDB9195D09F0D37120D8A /* Foundation.framework in Frameworks */ = {isa = PBXBuildFile; fileRef = B4DAF7F456D090E86160A846 /* Foundation.framework */; };
		F726EE028E646825EDA9D26A /* Tests/VIPSImageTilingTests.swift in Sources */ = {isa = PBXBuildFile; fileRef = 00A622A78A1E90A2178D75A2 /* Tests/VIPSImageTilingTests.swift */; };
		FC544840E9FFC3E72B3C210A /* Tests/VIPSImageTestCase.swift in Sources */ = {isa = PBXBuildFile; fileRef = 6923E7212649351DF25EE15C /* Tests/VIPSImageTestCase.swift */; };
/* End PBXBuildFile section */

/* Begin PBXContainerItemProxy section */
		2F65668DC2CD8DE4ADF75613 /* PBXContainerItemProxy */ = {
			isa = PBXContainerItemProxy;
			containerPortal = B1BED6DB3192324102D7CE9F /* Project object */;
			proxyType = 1;
			remoteGlobalIDString = 1BEC21B51CCFDD71BCE58E63;
			remoteInfo = VIPSKit;
		};
		D4C4AB2474772BF737D1BAFA /* PBXContainerItemProxy */ = {
			isa = PBXContainerItemProxy;
			containerPortal = B1BED6DB3192324102D7CE9F /* Project object */;
			proxyType = 1;
			remoteGlobalIDString = 5AF5537911B5F28A3E49295F;
			remoteInfo = VIPSTestHost;
		};
/* End PBXContainerItemProxy section */

/* Begin PBXCopyFilesBuildPhase section */
		6DE203A19EFBE52BA1672875 /* Embed Frameworks */ = {
			isa = PBXCopyFilesBuildPhase;
			buildActionMask = 2147483647;
			dstPath = "";
			dstSubfolderSpec = 10;
			files = (
				B82072D08002BAEC8052C641 /* VIPSKit.framework in Embed Frameworks */,
			);
			name = "Embed Frameworks";
			runOnlyForDeploymentPostprocessing = 0;
		};
/* End PBXCopyFilesBuildPhase section */

/* Begin PBXFileReference section */
		00A622A78A1E90A2178D75A2 /* Tests/VIPSImageTilingTests.swift */ = {isa = PBXFileReference; includeInIndex = 1; lastKnownFileType = sourcecode.swift; path = Tests/VIPSImageTilingTests.swift; sourceTree = SOURCE_ROOT; };
		0BCD97DB6C38B3B1ED0A684B /* VIPSImage+Loading.swift */ = {isa = PBXFileReference; includeInIndex = 1; lastKnownFileType = sourcecode.swift; path = "VIPSImage+Loading.swift"; sourceTree = "<group>"; };
		0FE1C00D5C71B9962987B84B /* VIPSResizeKernel.swift */ = {isa = PBXFileReference; includeInIndex = 1; lastKnownFileType = sourcecode.swift; path = VIPSResizeKernel.swift; sourceTree = "<group>"; };
		16AFB20E9123A608A5AC112F /* Tests/VIPSImageCompositeTests.swift */ = {isa = PBXFileReference; includeInIndex = 1; lastKnownFileType = sourcecode.swift; path = Tests/VIPSImageCompositeTests.swift; sourceTree = SOURCE_ROOT; };
		194AF461CF73916FA6409537 /* VIPSImage+Saving.swift */ = {isa = PBXFileReference; includeInIndex = 1; lastKnownFileType = sourcecode.swift; path = "VIPSImage+Saving.swift"; sourceTree = "<group>"; };
		1BC52C6585D7014BEB424F74 /* VIPSImage+Resize.swift */ = {isa = PBXFileReference; includeInIndex = 1; lastKnownFileType = sourcecode.swift; path = "VIPSImage+Resize.swift"; sourceTree = "<group>"; };
		237B4B177D15D81825B01B2D /* VIPSInteresting.swift */ = {isa = PBXFileReference; includeInIndex = 1; lastKnownFileType = sourcecode.swift; path = VIPSInteresting.swift; sourceTree = "<group>"; };
		2434AB8C654E427CEA0784C6 /* main.m */ = {isa = PBXFileReference; includeInIndex = 1; lastKnownFileType = sourcecode.c.objc; path = main.m; sourceTree = "<group>"; };
		24F95D3D4574F047C7D1F72A /* VIPSImageFormat.swift */ = {isa = PBXFileReference; includeInIndex = 1; lastKnownFileType = sourcecode.swift; path = VIPSImageFormat.swift; sourceTree = "<group>"; };
		2E84D9946173D46D4623D9C4 /* Tests/VIPSImageCGImageTests.swift */ = {isa = PBXFileReference; includeInIndex = 1; lastKnownFileType = sourcecode.swift; path = Tests/VIPSImageCGImageTests.swift; sourceTree = SOURCE_ROOT; };
		34CDD349BE1DF8941C50D6A0 /* VIPSImage+Composite.swift */ = {isa = PBXFileReference; includeInIndex = 1; lastKnownFileType = sourcecode.swift; path = "VIPSImage+Composite.swift"; sourceTree = "<group>"; };
		474AC3724ACF0D5C537B1D9A /* VIPSTestHost.app */ = {isa = PBXFileReference; explicitFileType = wrapper.application; includeInIndex = 0; path = VIPSTestHost.app; sourceTree = BUILT_PRODUCTS_DIR; };
		497FD8964094D5E8B06F58AE /* superman.jpg */ = {isa = PBXFileReference; includeInIndex = 1; lastKnownFileType = image.jpeg; path = superman.jpg; sourceTree = "<group>"; };
		504A2EECB9D323ECA756EB24 /* Tests/VIPSImageTransformTests.swift */ = {isa = PBXFileReference; includeInIndex = 1; lastKnownFileType = sourcecode.swift; path = Tests/VIPSImageTransformTests.swift; sourceTree = SOURCE_ROOT; };
		51FF88FB5BD131128C53FB31 /* CVIPS.h */ = {isa = PBXFileReference; includeInIndex = 1; lastKnownFileType = sourcecode.c.h; path = CVIPS.h; sourceTree = "<group>"; };
		5C7568CD41CB2084DB117B1A /* AppDelegate.h */ = {isa = PBXFileReference; includeInIndex = 1; lastKnownFileType = sourcecode.c.h; path = AppDelegate.h; sourceTree = "<group>"; };
		5FD32B7CE9D0E8BC311BE01E /* VIPSKitTests.xctest */ = {isa = PBXFileReference; explicitFileType = wrapper.cfbundle; includeInIndex = 0; path = VIPSKitTests.xctest; sourceTree = BUILT_PRODUCTS_DIR; };
		6923E7212649351DF25EE15C /* Tests/VIPSImageTestCase.swift */ = {isa = PBXFileReference; includeInIndex = 1; lastKnownFileType = sourcecode.swift; path = Tests/VIPSImageTestCase.swift; sourceTree = SOURCE_ROOT; };
		695874A450F8AFF3FD401254 /* CVIPS.c */ = {isa = PBXFileReference; includeInIndex = 1; lastKnownFileType = sourcecode.c.c; path = CVIPS.c; sourceTree = "<group>"; };
		6A360644BE3033C62F70D4DC /* Tests/VIPSImageResizeTests.swift */ = {isa = PBXFileReference; includeInIndex = 1; lastKnownFileType = sourcecode.swift; path = Tests/VIPSImageResizeTests.swift; sourceTree = SOURCE_ROOT; };
		751F94B4D990C0D1B3B2EDFB /* Tests/VIPSImageColorTests.swift */ = {isa = PBXFileReference; includeInIndex = 1; lastKnownFileType = sourcecode.swift; path = Tests/VIPSImageColorTests.swift; sourceTree = SOURCE_ROOT; };
		83CC13C32461D926306D15A3 /* VIPSImage+Transform.swift */ = {isa = PBXFileReference; includeInIndex = 1; lastKnownFileType = sourcecode.swift; path = "VIPSImage+Transform.swift"; sourceTree = "<group>"; };
		84C15C2A0EB12E1A7627AF5F /* VIPSImage+Tiling.swift */ = {isa = PBXFileReference; includeInIndex = 1; lastKnownFileType = sourcecode.swift; path = "VIPSImage+Tiling.swift"; sourceTree = "<group>"; };
		85C7FF7CC099BFEAAD600DF9 /* VIPSError.swift */ = {isa = PBXFileReference; includeInIndex = 1; lastKnownFileType = sourcecode.swift; path = VIPSError.swift; sourceTree = "<group>"; };
		914316CE0A8C3EDF5657256F /* Tests/VIPSImageSavingTests.swift */ = {isa = PBXFileReference; includeInIndex = 1; lastKnownFileType = sourcecode.swift; path = Tests/VIPSImageSavingTests.swift; sourceTree = SOURCE_ROOT; };
		9A2E6515A42B885E5F954857 /* LaunchScreen.storyboard */ = {isa = PBXFileReference; includeInIndex = 1; lastKnownFileType = file.storyboard; path = LaunchScreen.storyboard; sourceTree = "<group>"; };
		AD17C47C8B207F27D38E4123 /* Tests/VIPSImageExportTests.swift */ = {isa = PBXFileReference; includeInIndex = 1; lastKnownFileType = sourcecode.swift; path = Tests/VIPSImageExportTests.swift; sourceTree = SOURCE_ROOT; };
		ADDE7709C51B85756850B032 /* VIPSImage+CGImage.swift */ = {isa = PBXFileReference; includeInIndex = 1; lastKnownFileType = sourcecode.swift; path = "VIPSImage+CGImage.swift"; sourceTree = "<group>"; };
		B4DAF7F456D090E86160A846 /* Foundation.framework */ = {isa = PBXFileReference; lastKnownFileType = wrapper.framework; name = Foundation.framework; path = Platforms/iPhoneOS.platform/Developer/SDKs/iPhoneOS18.0.sdk/System/Library/Frameworks/Foundation.framework; sourceTree = DEVELOPER_DIR; };
		C0E491BE0ACC44F8D182951B /* Info.plist */ = {isa = PBXFileReference; includeInIndex = 1; lastKnownFileType = text.plist.xml; path = Info.plist; sourceTree = "<group>"; };
		C207A830FE95BEB45AA9C518 /* Tests/VIPSImageAnalysisTests.swift */ = {isa = PBXFileReference; includeInIndex = 1; lastKnownFileType = sourcecode.swift; path = Tests/VIPSImageAnalysisTests.swift; sourceTree = SOURCE_ROOT; };
		CD4F6B60352419A5C9CE5777 /* VIPSBlendMode.swift */ = {isa = PBXFileReference; includeInIndex = 1; lastKnownFileType = sourcecode.swift; path = VIPSBlendMode.swift; sourceTree = "<group>"; };
		D279A2F425C3FC228FEA3C47 /* AppDelegate.m */ = {isa = PBXFileReference; includeInIndex = 1; lastKnownFileType = sourcecode.c.objc; path = AppDelegate.m; sourceTree = "<group>"; };
		D442C5DE6CA19578891FE05A /* Tests/VIPSImageFilterTests.swift */ = {isa = PBXFileReference; includeInIndex = 1; lastKnownFileType = sourcecode.swift; path = Tests/VIPSImageFilterTests.swift; sourceTree = SOURCE_ROOT; };
		DFB3EA46C4F75C3B975A3D81 /* VIPSImage.swift */ = {isa = PBXFileReference; includeInIndex = 1; lastKnownFileType = sourcecode.swift; path = VIPSImage.swift; sourceTree = "<group>"; };
		E9E73A87742106BD110357FE /* module.modulemap */ = {isa = PBXFileReference; includeInIndex = 1; lastKnownFileType = sourcecode.module; path = module.modulemap; sourceTree = "<group>"; };
		EBDE67EC8DB723510A06B751 /* VIPSKit.framework */ = {isa = PBXFileReference; explicitFileType = wrapper.framework; includeInIndex = 0; path = VIPSKit.framework; sourceTree = BUILT_PRODUCTS_DIR; };
		EDB9558D96B4133540B1C9F8 /* VIPSImage+Filter.swift */ = {isa = PBXFileReference; includeInIndex = 1; lastKnownFileType = sourcecode.swift; path = "VIPSImage+Filter.swift"; sourceTree = "<group>"; };
		F2A7FBEF2E34362BD56D0CD6 /* Tests/VIPSImageCoreTests.swift */ = {isa = PBXFileReference; includeInIndex = 1; lastKnownFileType = sourcecode.swift; path = Tests/VIPSImageCoreTests.swift; sourceTree = SOURCE_ROOT; };
		F31306C1D8093ACF95031FAE /* VIPSImageStatistics.swift */ = {isa = PBXFileReference; includeInIndex = 1; lastKnownFileType = sourcecode.swift; path = VIPSImageStatistics.swift; sourceTree = "<group>"; };
		F8A2D2A35E4E3F7F11348E81 /* Tests/VIPSImageLoadingTests.swift */ = {isa = PBXFileReference; includeInIndex = 1; lastKnownFileType = sourcecode.swift; path = Tests/VIPSImageLoadingTests.swift; sourceTree = SOURCE_ROOT; };
		FA5A5E88D2DA14FC043FA8BE /* VIPSImage+Export.swift */ = {isa = PBXFileReference; includeInIndex = 1; lastKnownFileType = sourcecode.swift; path = "VIPSImage+Export.swift"; sourceTree = "<group>"; };
		FE3510E85FB003D119C3903A /* VIPSImage+Color.swift */ = {isa = PBXFileReference; includeInIndex = 1; lastKnownFileType = sourcecode.swift; path = "VIPSImage+Color.swift"; sourceTree = "<group>"; };
/* End PBXFileReference section */

/* Begin PBXFrameworksBuildPhase section */
		1D19C4F15D1359FA459E8F84 /* Frameworks */ = {
			isa = PBXFrameworksBuildPhase;
			buildActionMask = 2147483647;
			files = (
				4E67FBE406806F72F22973BD /* Foundation.framework in Frameworks */,
				6F6D0D6C12AEB948A936A594 /* VIPSKit.framework in Frameworks */,
			);
			runOnlyForDeploymentPostprocessing = 0;
		};
		5DB01C995CB2ACB2FA290CE3 /* Frameworks */ = {
			isa = PBXFrameworksBuildPhase;
			buildActionMask = 2147483647;
			files = (
				228C227A2F38FA3100AC49DD /* vips-static in Frameworks */,
				F01CDB9195D09F0D37120D8A /* Foundation.framework in Frameworks */,
				B72823D8CC50848078D617F3 /* VIPSKit.framework in Frameworks */,
			);
			runOnlyForDeploymentPostprocessing = 0;
		};
		E53E29F6CDA0ECDA1B875848 /* Frameworks */ = {
			isa = PBXFrameworksBuildPhase;
			buildActionMask = 2147483647;
			files = (
				228C22792F38FA3100AC49DD /* vips-static in Frameworks */,
				735E4C327550A6F0E1AD9619 /* Foundation.framework in Frameworks */,
			);
			runOnlyForDeploymentPostprocessing = 0;
		};
/* End PBXFrameworksBuildPhase section */

/* Begin PBXGroup section */
		0B8DDB25ECD33EF256AB8F42 = {
			isa = PBXGroup;
			children = (
				E1526F1C0D8C395280770BFC /* Products */,
				D1DBCB5FF8B09F284559CCF3 /* Frameworks */,
				3983CA892577E1FAC8077767 /* Sources */,
				CD20071EAD1173D34CE5D9D5 /* Tests */,
			);
			sourceTree = "<group>";
		};
		0E41E826B5F7451CCF5AB36A /* TestResources */ = {
			isa = PBXGroup;
			children = (
				497FD8964094D5E8B06F58AE /* superman.jpg */,
			);
			path = TestResources;
			sourceTree = "<group>";
		};
		131299D4DA287ECEC2A249F0 /* include */ = {
			isa = PBXGroup;
			children = (
				51FF88FB5BD131128C53FB31 /* CVIPS.h */,
				E9E73A87742106BD110357FE /* module.modulemap */,
			);
			path = include;
			sourceTree = "<group>";
		};
		18CF1EE29133FCC7C16C73CC /* TestHost */ = {
			isa = PBXGroup;
			children = (
				5C7568CD41CB2084DB117B1A /* AppDelegate.h */,
				D279A2F425C3FC228FEA3C47 /* AppDelegate.m */,
				2434AB8C654E427CEA0784C6 /* main.m */,
				9A2E6515A42B885E5F954857 /* LaunchScreen.storyboard */,
				C0E491BE0ACC44F8D182951B /* Info.plist */,
			);
			path = TestHost;
			sourceTree = "<group>";
		};
		3983CA892577E1FAC8077767 /* Sources */ = {
			isa = PBXGroup;
			children = (
				FA2C353EB2DB44D80F5D104D /* Internal */,
				CD4F6B60352419A5C9CE5777 /* VIPSBlendMode.swift */,
				85C7FF7CC099BFEAAD600DF9 /* VIPSError.swift */,
				ADDE7709C51B85756850B032 /* VIPSImage+CGImage.swift */,
				FE3510E85FB003D119C3903A /* VIPSImage+Color.swift */,
				34CDD349BE1DF8941C50D6A0 /* VIPSImage+Composite.swift */,
				FA5A5E88D2DA14FC043FA8BE /* VIPSImage+Export.swift */,
				EDB9558D96B4133540B1C9F8 /* VIPSImage+Filter.swift */,
				0BCD97DB6C38B3B1ED0A684B /* VIPSImage+Loading.swift */,
				1BC52C6585D7014BEB424F74 /* VIPSImage+Resize.swift */,
				194AF461CF73916FA6409537 /* VIPSImage+Saving.swift */,
				84C15C2A0EB12E1A7627AF5F /* VIPSImage+Tiling.swift */,
				83CC13C32461D926306D15A3 /* VIPSImage+Transform.swift */,
				DFB3EA46C4F75C3B975A3D81 /* VIPSImage.swift */,
				24F95D3D4574F047C7D1F72A /* VIPSImageFormat.swift */,
				F31306C1D8093ACF95031FAE /* VIPSImageStatistics.swift */,
				237B4B177D15D81825B01B2D /* VIPSInteresting.swift */,
				0FE1C00D5C71B9962987B84B /* VIPSResizeKernel.swift */,
			);
			path = Sources;
			sourceTree = "<group>";
		};
		72A85F23C33220F8ED90BD79 /* iOS */ = {
			isa = PBXGroup;
			children = (
				B4DAF7F456D090E86160A846 /* Foundation.framework */,
			);
			name = iOS;
			sourceTree = "<group>";
		};
		9697D29D9D9354A46CC16748 /* VIPSKitTests */ = {
			isa = PBXGroup;
			children = (
				C207A830FE95BEB45AA9C518 /* Tests/VIPSImageAnalysisTests.swift */,
				2E84D9946173D46D4623D9C4 /* Tests/VIPSImageCGImageTests.swift */,
				751F94B4D990C0D1B3B2EDFB /* Tests/VIPSImageColorTests.swift */,
				16AFB20E9123A608A5AC112F /* Tests/VIPSImageCompositeTests.swift */,
				F2A7FBEF2E34362BD56D0CD6 /* Tests/VIPSImageCoreTests.swift */,
				AD17C47C8B207F27D38E4123 /* Tests/VIPSImageExportTests.swift */,
				D442C5DE6CA19578891FE05A /* Tests/VIPSImageFilterTests.swift */,
				F8A2D2A35E4E3F7F11348E81 /* Tests/VIPSImageLoadingTests.swift */,
				6A360644BE3033C62F70D4DC /* Tests/VIPSImageResizeTests.swift */,
				914316CE0A8C3EDF5657256F /* Tests/VIPSImageSavingTests.swift */,
				6923E7212649351DF25EE15C /* Tests/VIPSImageTestCase.swift */,
				00A622A78A1E90A2178D75A2 /* Tests/VIPSImageTilingTests.swift */,
				504A2EECB9D323ECA756EB24 /* Tests/VIPSImageTransformTests.swift */,
			);
			name = VIPSKitTests;
			sourceTree = "<group>";
		};
		CD20071EAD1173D34CE5D9D5 /* Tests */ = {
			isa = PBXGroup;
			children = (
				18CF1EE29133FCC7C16C73CC /* TestHost */,
				9697D29D9D9354A46CC16748 /* VIPSKitTests */,
				0E41E826B5F7451CCF5AB36A /* TestResources */,
			);
			path = Tests;
			sourceTree = "<group>";
		};
		D1DBCB5FF8B09F284559CCF3 /* Frameworks */ = {
			isa = PBXGroup;
			children = (
				72A85F23C33220F8ED90BD79 /* iOS */,
			);
			name = Frameworks;
			sourceTree = "<group>";
		};
		E1526F1C0D8C395280770BFC /* Products */ = {
			isa = PBXGroup;
			children = (
				EBDE67EC8DB723510A06B751 /* VIPSKit.framework */,
				474AC3724ACF0D5C537B1D9A /* VIPSTestHost.app */,
				5FD32B7CE9D0E8BC311BE01E /* VIPSKitTests.xctest */,
			);
			name = Products;
			sourceTree = "<group>";
		};
		FA2C353EB2DB44D80F5D104D /* Internal */ = {
			isa = PBXGroup;
			children = (
				131299D4DA287ECEC2A249F0 /* include */,
				695874A450F8AFF3FD401254 /* CVIPS.c */,
			);
			path = Internal;
			sourceTree = "<group>";
		};
/* End PBXGroup section */

/* Begin PBXHeadersBuildPhase section */
		C8D2ABE622BC525EA0EF0A39 /* Headers */ = {
			isa = PBXHeadersBuildPhase;
			buildActionMask = 2147483647;
			files = (
				987D9FD695D724FFE9F23359 /* CVIPS.h in Headers */,
			);
			runOnlyForDeploymentPostprocessing = 0;
		};
/* End PBXHeadersBuildPhase section */

/* Begin PBXNativeTarget section */
		1BEC21B51CCFDD71BCE58E63 /* VIPSKit */ = {
			isa = PBXNativeTarget;
			buildConfigurationList = 3ED0F25B3C58EC3ECD70F990 /* Build configuration list for PBXNativeTarget "VIPSKit" */;
			buildPhases = (
				C8D2ABE622BC525EA0EF0A39 /* Headers */,
				AB91A109FBE0F56FC348B804 /* Sources */,
				E53E29F6CDA0ECDA1B875848 /* Frameworks */,
				CE0BFC1841762AE57F39F58D /* Resources */,
			);
			buildRules = (
			);
			dependencies = (
			);
			name = VIPSKit;
			packageProductDependencies = (
				96204E64A8E17C14D9B40721 /* vips-static */,
			);
			productName = VIPSKit;
			productReference = EBDE67EC8DB723510A06B751 /* VIPSKit.framework */;
			productType = "com.apple.product-type.framework";
		};
		275A828EBAA9D6A12860DA61 /* VIPSKitTests */ = {
			isa = PBXNativeTarget;
			buildConfigurationList = 13C26F06F8BFA869656F3DFE /* Build configuration list for PBXNativeTarget "VIPSKitTests" */;
			buildPhases = (
				FAE6A0C15E327EA342324C6D /* Sources */,
				5DB01C995CB2ACB2FA290CE3 /* Frameworks */,
				9F923CD3FB472637B8A8B57B /* Resources */,
			);
			buildRules = (
			);
			dependencies = (
				02418880DA6C92FC76206497 /* PBXTargetDependency */,
			);
			name = VIPSKitTests;
			packageProductDependencies = (
				1B83A731F7C96F05052011E4 /* vips-static */,
			);
			productName = VIPSKitTests;
			productReference = 5FD32B7CE9D0E8BC311BE01E /* VIPSKitTests.xctest */;
			productType = "com.apple.product-type.bundle.unit-test";
		};
		5AF5537911B5F28A3E49295F /* VIPSTestHost */ = {
			isa = PBXNativeTarget;
			buildConfigurationList = 7D0F3502937894FDFE4DED3B /* Build configuration list for PBXNativeTarget "VIPSTestHost" */;
			buildPhases = (
				4911634D5C3C2D50F9140CD8 /* Sources */,
				1D19C4F15D1359FA459E8F84 /* Frameworks */,
				EC3F44174C906C869A1DBEED /* Resources */,
				6DE203A19EFBE52BA1672875 /* Embed Frameworks */,
			);
			buildRules = (
			);
			dependencies = (
				A3F3E0E91F12452EF3E35B73 /* PBXTargetDependency */,
			);
			name = VIPSTestHost;
			productName = VIPSTestHost;
			productReference = 474AC3724ACF0D5C537B1D9A /* VIPSTestHost.app */;
			productType = "com.apple.product-type.application";
		};
/* End PBXNativeTarget section */

/* Begin PBXProject section */
		B1BED6DB3192324102D7CE9F /* Project object */ = {
			isa = PBXProject;
			attributes = {
				BuildIndependentTargetsInParallel = YES;
				LastSwiftUpdateCheck = 1600;
				LastUpgradeCheck = 2630;
			};
			buildConfigurationList = 368610136C5D4A5950CDC0E7 /* Build configuration list for PBXProject "VIPSKit" */;
			compatibilityVersion = "Xcode 3.2";
			developmentRegion = en;
			hasScannedForEncodings = 0;
			knownRegions = (
				en,
				Base,
			);
			mainGroup = 0B8DDB25ECD33EF256AB8F42;
			packageReferences = (
				6A3B1CE3B9FE486C77CBD90E /* XCRemoteSwiftPackageReference "vips-cocoa" */,
			);
			productRefGroup = E1526F1C0D8C395280770BFC /* Products */;
			projectDirPath = "";
			projectRoot = "";
			targets = (
				1BEC21B51CCFDD71BCE58E63 /* VIPSKit */,
				5AF5537911B5F28A3E49295F /* VIPSTestHost */,
				275A828EBAA9D6A12860DA61 /* VIPSKitTests */,
			);
		};
/* End PBXProject section */

/* Begin PBXResourcesBuildPhase section */
		9F923CD3FB472637B8A8B57B /* Resources */ = {
			isa = PBXResourcesBuildPhase;
			buildActionMask = 2147483647;
			files = (
				EFD4902839AAAA03833B8FF8 /* superman.jpg in Resources */,
			);
			runOnlyForDeploymentPostprocessing = 0;
		};
		CE0BFC1841762AE57F39F58D /* Resources */ = {
			isa = PBXResourcesBuildPhase;
			buildActionMask = 2147483647;
			files = (
			);
			runOnlyForDeploymentPostprocessing = 0;
		};
		EC3F44174C906C869A1DBEED /* Resources */ = {
			isa = PBXResourcesBuildPhase;
			buildActionMask = 2147483647;
			files = (
				8CD8259EB9E90F10E9AB5D49 /* LaunchScreen.storyboard in Resources */,
			);
			runOnlyForDeploymentPostprocessing = 0;
		};
/* End PBXResourcesBuildPhase section */

/* Begin PBXSourcesBuildPhase section */
		4911634D5C3C2D50F9140CD8 /* Sources */ = {
			isa = PBXSourcesBuildPhase;
			buildActionMask = 2147483647;
			files = (
				D44DA7666C30D52ACB5BC866 /* AppDelegate.m in Sources */,
				A8F5F6A8698732E46191911B /* main.m in Sources */,
			);
			runOnlyForDeploymentPostprocessing = 0;
		};
		AB91A109FBE0F56FC348B804 /* Sources */ = {
			isa = PBXSourcesBuildPhase;
			buildActionMask = 2147483647;
			files = (
				AEDA8FDB8E2E3ACDBC735E10 /* CVIPS.c in Sources */,
				658D6679934762BF69104E16 /* VIPSBlendMode.swift in Sources */,
				ED48A790F6F03F233922662A /* VIPSError.swift in Sources */,
				A655FF1428AD29084FDB6481 /* VIPSImage+CGImage.swift in Sources */,
				075DDCA0867AC8F6A6E4D459 /* VIPSImage+Color.swift in Sources */,
				70FE07D3B5A72BE2E581645F /* VIPSImage+Composite.swift in Sources */,
				07991CEC6DAF8C57A1C31535 /* VIPSImage+Export.swift in Sources */,
				000CADD55B04BC54C537772D /* VIPSImage+Filter.swift in Sources */,
				1EE478962BF67A13CB8EFFA3 /* VIPSImage+Loading.swift in Sources */,
				E3A0DDAA92B9F67F0BB368DE /* VIPSImage+Resize.swift in Sources */,
				C5733A80E2B2EF0F8EB595A5 /* VIPSImage+Saving.swift in Sources */,
				BE5AD43334D3359898DB0BA1 /* VIPSImage+Tiling.swift in Sources */,
				BD468E3CF42AF93337462FDF /* VIPSImage+Transform.swift in Sources */,
				4B19108819F685B31D4C9214 /* VIPSImage.swift in Sources */,
				88E559CD2616AD2E60C320D0 /* VIPSImageFormat.swift in Sources */,
				BF6373F250770586C45636DD /* VIPSImageStatistics.swift in Sources */,
				3DDA76DA668BEAE468C76394 /* VIPSInteresting.swift in Sources */,
				1CE113712D431BDE2259BE88 /* VIPSResizeKernel.swift in Sources */,
			);
			runOnlyForDeploymentPostprocessing = 0;
		};
		FAE6A0C15E327EA342324C6D /* Sources */ = {
			isa = PBXSourcesBuildPhase;
			buildActionMask = 2147483647;
			files = (
				1359B6D5C1BD3C05635736E4 /* Tests/VIPSImageAnalysisTests.swift in Sources */,
				CDB45254B168DC5D1513E78E /* Tests/VIPSImageCGImageTests.swift in Sources */,
				50F168E05C9D9708DCB1A983 /* Tests/VIPSImageColorTests.swift in Sources */,
				1F328D7F1D6A02F74122F09E /* Tests/VIPSImageCompositeTests.swift in Sources */,
				4DF385BB0E4AE4D69A4D0729 /* Tests/VIPSImageCoreTests.swift in Sources */,
				AF701592650D9B874D027A9D /* Tests/VIPSImageExportTests.swift in Sources */,
				89A289E7769515D2E5DF9445 /* Tests/VIPSImageFilterTests.swift in Sources */,
				7F94E9286DC62220F175204F /* Tests/VIPSImageLoadingTests.swift in Sources */,
				0E67FB51BDECB8C4080016AD /* Tests/VIPSImageResizeTests.swift in Sources */,
				20DD2BC63276D71AE5AB80DB /* Tests/VIPSImageSavingTests.swift in Sources */,
				FC544840E9FFC3E72B3C210A /* Tests/VIPSImageTestCase.swift in Sources */,
				F726EE028E646825EDA9D26A /* Tests/VIPSImageTilingTests.swift in Sources */,
				077F33834B3E6FCD4A09B41E /* Tests/VIPSImageTransformTests.swift in Sources */,
			);
			runOnlyForDeploymentPostprocessing = 0;
		};
/* End PBXSourcesBuildPhase section */

/* Begin PBXTargetDependency section */
		02418880DA6C92FC76206497 /* PBXTargetDependency */ = {
			isa = PBXTargetDependency;
			name = VIPSTestHost;
			target = 5AF5537911B5F28A3E49295F /* VIPSTestHost */;
			targetProxy = D4C4AB2474772BF737D1BAFA /* PBXContainerItemProxy */;
		};
		A3F3E0E91F12452EF3E35B73 /* PBXTargetDependency */ = {
			isa = PBXTargetDependency;
			name = VIPSKit;
			target = 1BEC21B51CCFDD71BCE58E63 /* VIPSKit */;
			targetProxy = 2F65668DC2CD8DE4ADF75613 /* PBXContainerItemProxy */;
		};
/* End PBXTargetDependency section */

/* Begin XCBuildConfiguration section */
		1920760991EC83164154D6DA /* Release */ = {
			isa = XCBuildConfiguration;
			buildSettings = {
				ALWAYS_SEARCH_USER_PATHS = NO;
				CLANG_ANALYZER_NONNULL = YES;
				CLANG_ANALYZER_NUMBER_OBJECT_CONVERSION = YES_AGGRESSIVE;
				CLANG_CXX_LANGUAGE_STANDARD = "gnu++14";
				CLANG_CXX_LIBRARY = "libc++";
				CLANG_ENABLE_MODULES = YES;
				CLANG_ENABLE_OBJC_ARC = YES;
				CLANG_ENABLE_OBJC_WEAK = YES;
				CLANG_WARN_BLOCK_CAPTURE_AUTORELEASING = YES;
				CLANG_WARN_BOOL_CONVERSION = YES;
				CLANG_WARN_COMMA = YES;
				CLANG_WARN_CONSTANT_CONVERSION = YES;
				CLANG_WARN_DEPRECATED_OBJC_IMPLEMENTATIONS = YES;
				CLANG_WARN_DIRECT_OBJC_ISA_USAGE = YES_ERROR;
				CLANG_WARN_DOCUMENTATION_COMMENTS = YES;
				CLANG_WARN_EMPTY_BODY = YES;
				CLANG_WARN_ENUM_CONVERSION = YES;
				CLANG_WARN_INFINITE_RECURSION = YES;
				CLANG_WARN_INT_CONVERSION = YES;
				CLANG_WARN_NON_LITERAL_NULL_CONVERSION = YES;
				CLANG_WARN_OBJC_IMPLICIT_RETAIN_SELF = YES;
				CLANG_WARN_OBJC_LITERAL_CONVERSION = YES;
				CLANG_WARN_OBJC_ROOT_CLASS = YES_ERROR;
				CLANG_WARN_QUOTED_INCLUDE_IN_FRAMEWORK_HEADER = YES;
				CLANG_WARN_RANGE_LOOP_ANALYSIS = YES;
				CLANG_WARN_STRICT_PROTOTYPES = YES;
				CLANG_WARN_SUSPICIOUS_MOVE = YES;
				CLANG_WARN_UNGUARDED_AVAILABILITY = YES_AGGRESSIVE;
				CLANG_WARN_UNREACHABLE_CODE = YES;
				CLANG_WARN__DUPLICATE_METHOD_MATCH = YES;
				COPY_PHASE_STRIP = NO;
				DEAD_CODE_STRIPPING = YES;
				DEBUG_INFORMATION_FORMAT = "dwarf-with-dsym";
				ENABLE_NS_ASSERTIONS = NO;
				ENABLE_STRICT_OBJC_MSGSEND = YES;
				ENABLE_USER_SCRIPT_SANDBOXING = YES;
				GCC_C_LANGUAGE_STANDARD = gnu11;
				GCC_NO_COMMON_BLOCKS = YES;
				GCC_WARN_64_TO_32_BIT_CONVERSION = YES;
				GCC_WARN_ABOUT_RETURN_TYPE = YES_ERROR;
				GCC_WARN_UNDECLARED_SELECTOR = YES;
				GCC_WARN_UNINITIALIZED_AUTOS = YES_AGGRESSIVE;
				GCC_WARN_UNUSED_FUNCTION = YES;
				GCC_WARN_UNUSED_VARIABLE = YES;
				IPHONEOS_DEPLOYMENT_TARGET = 15.0;
				MTL_ENABLE_DEBUG_INFO = NO;
				MTL_FAST_MATH = YES;
				PRODUCT_NAME = "$(TARGET_NAME)";
				STRING_CATALOG_GENERATE_SYMBOLS = YES;
				SWIFT_COMPILATION_MODE = wholemodule;
				SWIFT_OPTIMIZATION_LEVEL = "-O";
				SWIFT_VERSION = 5.0;
			};
			name = Release;
		};
		4C43E29F35443AF4C72969EE /* Debug */ = {
			isa = XCBuildConfiguration;
			buildSettings = {
				BUNDLE_LOADER = "$(TEST_HOST)";
				CLANG_ENABLE_OBJC_WEAK = NO;
				GENERATE_INFOPLIST_FILE = YES;
				INFOPLIST_FILE = "";
				IPHONEOS_DEPLOYMENT_TARGET = 15.0;
				OTHER_SWIFT_FLAGS = "$(inherited) -Xcc -fmodule-map-file=$(SRCROOT)/Sources/Internal/include/module.modulemap";
				PRODUCT_BUNDLE_IDENTIFIER = org.libvips.VIPSKitTests;
				PRODUCT_NAME = "$(TARGET_NAME)";
				SDKROOT = iphoneos;
				SUPPORTED_PLATFORMS = "iphoneos iphonesimulator";
				SWIFT_INCLUDE_PATHS = "$(inherited) $(SRCROOT)/Sources/Internal/include";
				SWIFT_VERSION = 5.0;
				TEST_HOST = "$(BUILT_PRODUCTS_DIR)/VIPSTestHost.app/$(BUNDLE_EXECUTABLE_FOLDER_PATH)/VIPSTestHost";
			};
			name = Debug;
		};
		556FF8CDFEDA343A96C80A3F /* Release */ = {
			isa = XCBuildConfiguration;
			buildSettings = {
				ASSETCATALOG_COMPILER_APPICON_NAME = AppIcon;
				ASSETCATALOG_COMPILER_GLOBAL_ACCENT_COLOR_NAME = AccentColor;
				CLANG_ENABLE_OBJC_WEAK = NO;
				CODE_SIGN_STYLE = Automatic;
				GENERATE_INFOPLIST_FILE = YES;
				INFOPLIST_FILE = Tests/TestHost/Info.plist;
				IPHONEOS_DEPLOYMENT_TARGET = 15.0;
				LD_RUNPATH_SEARCH_PATHS = (
					"$(inherited)",
					"@executable_path/Frameworks",
				);
				MERGED_BINARY_TYPE = none;
				PRODUCT_BUNDLE_IDENTIFIER = org.libvips.VIPSTestHost;
				PRODUCT_NAME = "$(TARGET_NAME)";
				SDKROOT = iphoneos;
				SUPPORTED_PLATFORMS = "iphoneos iphonesimulator";
				SWIFT_VERSION = 5.0;
				TARGETED_DEVICE_FAMILY = "1,2";
				VALIDATE_PRODUCT = YES;
			};
			name = Release;
		};
		57D307BD3D19387909BEA223 /* Debug */ = {
			isa = XCBuildConfiguration;
			buildSettings = {
				BUILD_LIBRARY_FOR_DISTRIBUTION = YES;
				CLANG_ALLOW_NON_MODULAR_INCLUDES_IN_FRAMEWORK_MODULES = YES;
				CLANG_ENABLE_MODULES = YES;
				CLANG_ENABLE_OBJC_WEAK = NO;
				CODE_SIGN_IDENTITY = "";
				CURRENT_PROJECT_VERSION = 1;
				DEFINES_MODULE = YES;
				DYLIB_COMPATIBILITY_VERSION = 1;
				DYLIB_CURRENT_VERSION = 1;
				DYLIB_INSTALL_NAME_BASE = "@rpath";
				ENABLE_MODULE_VERIFIER = YES;
				GCC_OPTIMIZATION_LEVEL = 0;
				GCC_PREPROCESSOR_DEFINITIONS = (
					"$(inherited)",
					"HAVE_CONFIG_H=1",
				);
				GENERATE_INFOPLIST_FILE = YES;
				HEADER_SEARCH_PATHS = (
					"$(inherited)",
					"$(SRCROOT)/Sources/Internal/include",
				);
				INSTALL_PATH = "$(LOCAL_LIBRARY_DIR)/Frameworks";
				IPHONEOS_DEPLOYMENT_TARGET = 15.0;
				LD_RUNPATH_SEARCH_PATHS = (
					"$(inherited)",
					"@executable_path/Frameworks",
					"@loader_path/Frameworks",
				);
				MODULE_VERIFIER_SUPPORTED_LANGUAGE_STANDARDS = "gnu11 gnu++14";
				OTHER_CFLAGS = (
					"$(inherited)",
					"-fmodule-map-file=$(SRCROOT)/Sources/Internal/include/module.modulemap",
					"-Wno-documentation",
				);
				OTHER_LDFLAGS = (
					"$(inherited)",
					"-lz",
					"-liconv",
					"-lresolv",
					"-lc++",
					"-lexpat",
					"-force_load",
					"$(BUILD_DIR)/$(CONFIGURATION)$(EFFECTIVE_PLATFORM_NAME)/vips.a",
				);
				OTHER_SWIFT_FLAGS = "$(inherited) -Xcc -fmodule-map-file=$(SRCROOT)/Sources/Internal/include/module.modulemap";
				PRODUCT_BUNDLE_IDENTIFIER = org.libvips.VIPSKit;
				PRODUCT_NAME = "$(TARGET_NAME)";
				SDKROOT = iphoneos;
				SKIP_INSTALL = YES;
				SUPPORTED_PLATFORMS = "iphoneos iphonesimulator macosx";
				SUPPORTS_MACCATALYST = YES;
				SWIFT_INCLUDE_PATHS = "$(inherited) $(SRCROOT)/Sources/Internal/include";
				SWIFT_OPTIMIZATION_LEVEL = "-Onone";
				SWIFT_VERSION = 5.0;
				TARGETED_DEVICE_FAMILY = "1,2";
				VERSIONING_SYSTEM = "apple-generic";
				VERSION_INFO_PREFIX = "";
			};
			name = Debug;
		};
		8D4A65E09390890D789B6DA9 /* Release */ = {
			isa = XCBuildConfiguration;
			buildSettings = {
				BUILD_LIBRARY_FOR_DISTRIBUTION = YES;
				CLANG_ALLOW_NON_MODULAR_INCLUDES_IN_FRAMEWORK_MODULES = YES;
				CLANG_ENABLE_MODULES = YES;
				CLANG_ENABLE_OBJC_WEAK = NO;
				CODE_SIGN_IDENTITY = "";
				CURRENT_PROJECT_VERSION = 1;
				DEFINES_MODULE = YES;
				DYLIB_COMPATIBILITY_VERSION = 1;
				DYLIB_CURRENT_VERSION = 1;
				DYLIB_INSTALL_NAME_BASE = "@rpath";
				ENABLE_MODULE_VERIFIER = YES;
				GCC_OPTIMIZATION_LEVEL = s;
				GCC_PREPROCESSOR_DEFINITIONS = (
					"$(inherited)",
					"HAVE_CONFIG_H=1",
				);
				GENERATE_INFOPLIST_FILE = YES;
				HEADER_SEARCH_PATHS = (
					"$(inherited)",
					"$(SRCROOT)/Sources/Internal/include",
				);
				INSTALL_PATH = "$(LOCAL_LIBRARY_DIR)/Frameworks";
				IPHONEOS_DEPLOYMENT_TARGET = 15.0;
				LD_RUNPATH_SEARCH_PATHS = (
					"$(inherited)",
					"@executable_path/Frameworks",
					"@loader_path/Frameworks",
				);
				MODULE_VERIFIER_SUPPORTED_LANGUAGE_STANDARDS = "gnu11 gnu++14";
				OTHER_CFLAGS = (
					"$(inherited)",
					"-fmodule-map-file=$(SRCROOT)/Sources/Internal/include/module.modulemap",
					"-Wno-documentation",
				);
				OTHER_LDFLAGS = (
					"$(inherited)",
					"-lz",
					"-liconv",
					"-lresolv",
					"-lc++",
					"-lexpat",
					"-force_load",
					"$(BUILD_DIR)/$(CONFIGURATION)$(EFFECTIVE_PLATFORM_NAME)/vips.a",
				);
				OTHER_SWIFT_FLAGS = "$(inherited) -Xcc -fmodule-map-file=$(SRCROOT)/Sources/Internal/include/module.modulemap";
				PRODUCT_BUNDLE_IDENTIFIER = org.libvips.VIPSKit;
				PRODUCT_NAME = "$(TARGET_NAME)";
				SDKROOT = iphoneos;
				SKIP_INSTALL = YES;
				SUPPORTED_PLATFORMS = "iphoneos iphonesimulator macosx";
				SUPPORTS_MACCATALYST = YES;
				SWIFT_INCLUDE_PATHS = "$(inherited) $(SRCROOT)/Sources/Internal/include";
				SWIFT_OPTIMIZATION_LEVEL = "-O";
				SWIFT_VERSION = 5.0;
				TARGETED_DEVICE_FAMILY = "1,2";
				VALIDATE_PRODUCT = YES;
				VERSIONING_SYSTEM = "apple-generic";
				VERSION_INFO_PREFIX = "";
			};
			name = Release;
		};
		A71C6F5B8EC2CD9818761C4D /* Release */ = {
			isa = XCBuildConfiguration;
			buildSettings = {
				BUNDLE_LOADER = "$(TEST_HOST)";
				CLANG_ENABLE_OBJC_WEAK = NO;
				GENERATE_INFOPLIST_FILE = YES;
				INFOPLIST_FILE = "";
				IPHONEOS_DEPLOYMENT_TARGET = 15.0;
				OTHER_SWIFT_FLAGS = "$(inherited) -Xcc -fmodule-map-file=$(SRCROOT)/Sources/Internal/include/module.modulemap";
				PRODUCT_BUNDLE_IDENTIFIER = org.libvips.VIPSKitTests;
				PRODUCT_NAME = "$(TARGET_NAME)";
				SDKROOT = iphoneos;
				SUPPORTED_PLATFORMS = "iphoneos iphonesimulator";
				SWIFT_INCLUDE_PATHS = "$(inherited) $(SRCROOT)/Sources/Internal/include";
				SWIFT_VERSION = 5.0;
				TEST_HOST = "$(BUILT_PRODUCTS_DIR)/VIPSTestHost.app/$(BUNDLE_EXECUTABLE_FOLDER_PATH)/VIPSTestHost";
				VALIDATE_PRODUCT = YES;
			};
			name = Release;
		};
		B9BC8298CFBD30B9FC4301CA /* Debug */ = {
			isa = XCBuildConfiguration;
			buildSettings = {
				ASSETCATALOG_COMPILER_APPICON_NAME = AppIcon;
				ASSETCATALOG_COMPILER_GLOBAL_ACCENT_COLOR_NAME = AccentColor;
				CLANG_ENABLE_OBJC_WEAK = NO;
				CODE_SIGN_STYLE = Automatic;
				GENERATE_INFOPLIST_FILE = YES;
				INFOPLIST_FILE = Tests/TestHost/Info.plist;
				IPHONEOS_DEPLOYMENT_TARGET = 15.0;
				LD_RUNPATH_SEARCH_PATHS = (
					"$(inherited)",
					"@executable_path/Frameworks",
				);
				MERGED_BINARY_TYPE = none;
				PRODUCT_BUNDLE_IDENTIFIER = org.libvips.VIPSTestHost;
				PRODUCT_NAME = "$(TARGET_NAME)";
				SDKROOT = iphoneos;
				SUPPORTED_PLATFORMS = "iphoneos iphonesimulator";
				SWIFT_VERSION = 5.0;
				TARGETED_DEVICE_FAMILY = "1,2";
			};
			name = Debug;
		};
		D61892C5E3C4DFB959F18EBB /* Debug */ = {
			isa = XCBuildConfiguration;
			buildSettings = {
				ALWAYS_SEARCH_USER_PATHS = NO;
				CLANG_ANALYZER_NONNULL = YES;
				CLANG_ANALYZER_NUMBER_OBJECT_CONVERSION = YES_AGGRESSIVE;
				CLANG_CXX_LANGUAGE_STANDARD = "gnu++14";
				CLANG_CXX_LIBRARY = "libc++";
				CLANG_ENABLE_MODULES = YES;
				CLANG_ENABLE_OBJC_ARC = YES;
				CLANG_ENABLE_OBJC_WEAK = YES;
				CLANG_WARN_BLOCK_CAPTURE_AUTORELEASING = YES;
				CLANG_WARN_BOOL_CONVERSION = YES;
				CLANG_WARN_COMMA = YES;
				CLANG_WARN_CONSTANT_CONVERSION = YES;
				CLANG_WARN_DEPRECATED_OBJC_IMPLEMENTATIONS = YES;
				CLANG_WARN_DIRECT_OBJC_ISA_USAGE = YES_ERROR;
				CLANG_WARN_DOCUMENTATION_COMMENTS = YES;
				CLANG_WARN_EMPTY_BODY = YES;
				CLANG_WARN_ENUM_CONVERSION = YES;
				CLANG_WARN_INFINITE_RECURSION = YES;
				CLANG_WARN_INT_CONVERSION = YES;
				CLANG_WARN_NON_LITERAL_NULL_CONVERSION = YES;
				CLANG_WARN_OBJC_IMPLICIT_RETAIN_SELF = YES;
				CLANG_WARN_OBJC_LITERAL_CONVERSION = YES;
				CLANG_WARN_OBJC_ROOT_CLASS = YES_ERROR;
				CLANG_WARN_QUOTED_INCLUDE_IN_FRAMEWORK_HEADER = YES;
				CLANG_WARN_RANGE_LOOP_ANALYSIS = YES;
				CLANG_WARN_STRICT_PROTOTYPES = YES;
				CLANG_WARN_SUSPICIOUS_MOVE = YES;
				CLANG_WARN_UNGUARDED_AVAILABILITY = YES_AGGRESSIVE;
				CLANG_WARN_UNREACHABLE_CODE = YES;
				CLANG_WARN__DUPLICATE_METHOD_MATCH = YES;
				COPY_PHASE_STRIP = NO;
				DEAD_CODE_STRIPPING = YES;
				DEBUG_INFORMATION_FORMAT = dwarf;
				ENABLE_STRICT_OBJC_MSGSEND = YES;
				ENABLE_TESTABILITY = YES;
				ENABLE_USER_SCRIPT_SANDBOXING = YES;
				GCC_C_LANGUAGE_STANDARD = gnu11;
				GCC_DYNAMIC_NO_PIC = NO;
				GCC_NO_COMMON_BLOCKS = YES;
				GCC_OPTIMIZATION_LEVEL = 0;
				GCC_PREPROCESSOR_DEFINITIONS = (
					"DEBUG=1",
					"$(inherited)",
				);
				GCC_WARN_64_TO_32_BIT_CONVERSION = YES;
				GCC_WARN_ABOUT_RETURN_TYPE = YES_ERROR;
				GCC_WARN_UNDECLARED_SELECTOR = YES;
				GCC_WARN_UNINITIALIZED_AUTOS = YES_AGGRESSIVE;
				GCC_WARN_UNUSED_FUNCTION = YES;
				GCC_WARN_UNUSED_VARIABLE = YES;
				IPHONEOS_DEPLOYMENT_TARGET = 15.0;
				MTL_ENABLE_DEBUG_INFO = INCLUDE_SOURCE;
				MTL_FAST_MATH = YES;
				ONLY_ACTIVE_ARCH = YES;
				PRODUCT_NAME = "$(TARGET_NAME)";
				STRING_CATALOG_GENERATE_SYMBOLS = YES;
				SWIFT_ACTIVE_COMPILATION_CONDITIONS = DEBUG;
				SWIFT_OPTIMIZATION_LEVEL = "-Onone";
				SWIFT_VERSION = 5.0;
			};
			name = Debug;
		};
/* End XCBuildConfiguration section */

/* Begin XCConfigurationList section */
		13C26F06F8BFA869656F3DFE /* Build configuration list for PBXNativeTarget "VIPSKitTests" */ = {
			isa = XCConfigurationList;
			buildConfigurations = (
				A71C6F5B8EC2CD9818761C4D /* Release */,
				4C43E29F35443AF4C72969EE /* Debug */,
			);
			defaultConfigurationIsVisible = 0;
			defaultConfigurationName = Release;
		};
		368610136C5D4A5950CDC0E7 /* Build configuration list for PBXProject "VIPSKit" */ = {
			isa = XCConfigurationList;
			buildConfigurations = (
				D61892C5E3C4DFB959F18EBB /* Debug */,
				1920760991EC83164154D6DA /* Release */,
			);
			defaultConfigurationIsVisible = 0;
			defaultConfigurationName = Release;
		};
		3ED0F25B3C58EC3ECD70F990 /* Build configuration list for PBXNativeTarget "VIPSKit" */ = {
			isa = XCConfigurationList;
			buildConfigurations = (
				8D4A65E09390890D789B6DA9 /* Release */,
				57D307BD3D19387909BEA223 /* Debug */,
			);
			defaultConfigurationIsVisible = 0;
			defaultConfigurationName = Release;
		};
		7D0F3502937894FDFE4DED3B /* Build configuration list for PBXNativeTarget "VIPSTestHost" */ = {
			isa = XCConfigurationList;
			buildConfigurations = (
				556FF8CDFEDA343A96C80A3F /* Release */,
				B9BC8298CFBD30B9FC4301CA /* Debug */,
			);
			defaultConfigurationIsVisible = 0;
			defaultConfigurationName = Release;
		};
/* End XCConfigurationList section */

/* Begin XCRemoteSwiftPackageReference section */
		6A3B1CE3B9FE486C77CBD90E /* XCRemoteSwiftPackageReference "vips-cocoa" */ = {
			isa = XCRemoteSwiftPackageReference;
			repositoryURL = "https://github.com/TimOliver/vips-cocoa.git";
			requirement = {
				kind = upToNextMajorVersion;
				minimumVersion = 8.18.0;
			};
		};
/* End XCRemoteSwiftPackageReference section */

/* Begin XCSwiftPackageProductDependency section */
		1B83A731F7C96F05052011E4 /* vips-static */ = {
			isa = XCSwiftPackageProductDependency;
			package = 6A3B1CE3B9FE486C77CBD90E /* XCRemoteSwiftPackageReference "vips-cocoa" */;
			productName = "vips-static";
		};
		96204E64A8E17C14D9B40721 /* vips-static */ = {
			isa = XCSwiftPackageProductDependency;
			package = 6A3B1CE3B9FE486C77CBD90E /* XCRemoteSwiftPackageReference "vips-cocoa" */;
			productName = "vips-static";
		};
/* End XCSwiftPackageProductDependency section */
	};
	rootObject = B1BED6DB3192324102D7CE9F /* Project object */;
}
