{
  "pins" : [
    {
      "identity" : "vips-cocoa",
      "kind" : "remoteSourceControl",
      "location" : "https://github.com/TimOliver/vips-cocoa.git",
      "state" : {
        "revision" : "a1951780a47bb09f22ab761f95afe716d3768b83",
        "version" : "8.18.0"
      }
    }
  ],
  "version" : 2
}
