{
  "pins" : [
    {
      "identity" : "vips-cocoa",
      "kind" : "remoteSourceControl",
      "location" : "https://github.com/TimOliver/vips-cocoa.git",
      "state" : {
        "revision" : "987c467028a20f4813523f6c821a037adc1f8ae0",
        "version" : "8.18.0"
      }
    }
  ],
  "version" : 2
}
