{
  "originHash" : "a4f1b4d997c1b8d86ccd1f4796c123e3edee60c711cfea32e92af94f4aafaede",
  "pins" : [
    {
      "identity" : "vips-cocoa",
      "kind" : "remoteSourceControl",
      "location" : "https://github.com/TimOliver/vips-cocoa.git",
      "state" : {
        "revision" : "a1951780a47bb09f22ab761f95afe716d3768b83",
        "version" : "8.18.0"
      }
    }
  ],
  "version" : 3
}
